
Microsoft Visual Studio Solution File, Format Version 12.00
# Visual Studio 14
VisualStudioVersion = 14.0.25420.1
MinimumVisualStudioVersion = 10.0.40219.1
Project("{2150E333-8FDC-42A3-9474-1A3956D46DE8}") = "samples", "samples", "{A602BBF5-9505-41B4-B5AB-3613427387F1}"
EndProject
Project("{2150E333-8FDC-42A3-9474-1A3956D46DE8}") = "plugins", "plugins", "{6CF8E9D6-5280-45D1-BDA8-DB9B49F23F27}"
EndProject
Project("{2150E333-8FDC-42A3-9474-1A3956D46DE8}") = "main", "main", "{50E34D7D-E0AC-4B37-9484-6CCE3FC888DC}"
EndProject
Project("{2150E333-8FDC-42A3-9474-1A3956D46DE8}") = "thirdparty", "thirdparty", "{BBACFAAE-0DB8-4CF1-B3B3-F58DD73C418B}"
EndProject
Project("{2150E333-8FDC-42A3-9474-1A3956D46DE8}") = "lua-5.2.4", "lua-5.2.4", "{57EF3FB6-81DE-40FC-966F-33EA0CF82585}"
EndProject
Project("{8BC9CEB8-8B4A-11D0-8D11-00A0C91BC942}") = "zlib", "thirdparty\zlib\zlib.vcxproj", "{65CB1DF8-7E8E-4715-8478-C0272E97058C}"
EndProject
Project("{8BC9CEB8-8B4A-11D0-8D11-00A0C91BC942}") = "tinyxml2", "thirdparty\tinyxml2\tinyxml2.vcxproj", "{BBED8A85-19D4-4185-81FD-8784FADE8AC4}"
EndProject
Project("{8BC9CEB8-8B4A-11D0-8D11-00A0C91BC942}") = "stb_image", "thirdparty\stb_image\stb_image.vcxproj", "{947146AE-E322-4E89-A7DD-E1E3A9D9D8B8}"
EndProject
Project("{8BC9CEB8-8B4A-11D0-8D11-00A0C91BC942}") = "rc5", "thirdparty\rc5\rc5.vcxproj", "{BCB809F7-10B8-43BB-9551-5998DC5D99DD}"
EndProject
Project("{8BC9CEB8-8B4A-11D0-8D11-00A0C91BC942}") = "opengl", "thirdparty\opengl\opengl.vcxproj", "{76C314F7-AB3F-473F-95AD-94E24F25D132}"
EndProject
Project("{8BC9CEB8-8B4A-11D0-8D11-00A0C91BC942}") = "freetype", "thirdparty\freetype-2.9.1\freetype.vcxproj", "{78B079BD-9FC7-4B9E-B4A6-96DA0F00248B}"
EndProject
Project("{8BC9CEB8-8B4A-11D0-8D11-00A0C91BC942}") = "lua", "thirdparty\lua-5.2.4\lua\lua.vcxproj", "{4137FF51-9177-4747-9D68-02BA79B1C64E}"
EndProject
Project("{8BC9CEB8-8B4A-11D0-8D11-00A0C91BC942}") = "luac", "thirdparty\lua-5.2.4\luac\luac.vcxproj", "{B5680AC4-E341-470D-877E-185732CC7FDE}"
EndProject
Project("{8BC9CEB8-8B4A-11D0-8D11-00A0C91BC942}") = "tolua++", "thirdparty\lua-5.2.4\tolua++\tolua++.vcxproj", "{475B79C6-3D39-42B3-8EF3-4F2039686169}"
EndProject
Project("{8BC9CEB8-8B4A-11D0-8D11-00A0C91BC942}") = "Vayo2D", "main\2d\Vayo2D.vcxproj", "{5E2B9C11-A1F9-4219-A0A1-C60D6710EDCE}"
EndProject
Project("{8BC9CEB8-8B4A-11D0-8D11-00A0C91BC942}") = "Vayo3D", "main\3d\Vayo3D.vcxproj", "{E8605E2E-DB10-4CA2-A234-0A895EAFDDA2}"
EndProject
Project("{8BC9CEB8-8B4A-11D0-8D11-00A0C91BC942}") = "VayoCore", "main\core\VayoCore.vcxproj", "{7E637F2E-79E2-4B29-9334-2EE60A4AAFED}"
EndProject
Project("{8BC9CEB8-8B4A-11D0-8D11-00A0C91BC942}") = "RenderSystem_GL", "plugins\RenderSystem_GL\RenderSystem_GL.vcxproj", "{ADCC7D92-A982-4386-B112-E3162C124383}"
EndProject
Project("{8BC9CEB8-8B4A-11D0-8D11-00A0C91BC942}") = "ScriptSystem_Lua", "plugins\ScriptSystem_Lua\ScriptSystem_Lua.vcxproj", "{FCA985D0-3C75-4DC7-B57D-7709E21F50DB}"
EndProject
Project("{8BC9CEB8-8B4A-11D0-8D11-00A0C91BC942}") = "CableDiagram", "samples\CableDiagram\CableDiagram.vcxproj", "{DA2A443D-CAB1-4B0A-9FFD-4FA0B59FF206}"
EndProject
Project("{8BC9CEB8-8B4A-11D0-8D11-00A0C91BC942}") = "HelloWorld", "samples\HelloWorld\HelloWorld.vcxproj", "{43869856-A805-479E-ACE7-B646884A3647}"
EndProject
Project("{8BC9CEB8-8B4A-11D0-8D11-00A0C91BC942}") = "libinterface", "samples\libinterface\libinterface.vcxproj", "{DE902121-4568-445F-9D1C-674B2D7B10B4}"
EndProject
Project("{8BC9CEB8-8B4A-11D0-8D11-00A0C91BC942}") = "ModelViewer", "samples\ModelViewer\ModelViewer.vcxproj", "{0E6DECFE-4FB8-4CEE-A346-A391CF913633}"
EndProject
Project("{8BC9CEB8-8B4A-11D0-8D11-00A0C91BC942}") = "TessgridBuilder", "samples\TessgridBuilder\TessgridBuilder.vcxproj", "{0CF7649B-781A-4FB6-B962-2866C11C7842}"
EndProject
Project("{8BC9CEB8-8B4A-11D0-8D11-00A0C91BC942}") = "liblua", "thirdparty\lua-5.2.4\liblua\liblua.vcxproj", "{5C83CB5D-FDE7-484E-B8C5-AC360DE5140F}"
EndProject
Project("{8BC9CEB8-8B4A-11D0-8D11-00A0C91BC942}") = "Renderer_D2D", "plugins\Renderer_D2D\Renderer_D2D.vcxproj", "{CA69BED8-CEFE-41A4-B5D6-4769A5968DD0}"
EndProject
Project("{8BC9CEB8-8B4A-11D0-8D11-00A0C91BC942}") = "Vayo_SA_3D", "samples\Vayo_SA_3D\Vayo_SA_3D.vcxproj", "{ACDE9D91-F9EB-4670-A3B8-B4B117AC85D3}"
EndProject
Global
	GlobalSection(SolutionConfigurationPlatforms) = preSolution
		Debug|x64 = Debug|x64
		Debug|x86 = Debug|x86
		Release|x64 = Release|x64
		Release|x86 = Release|x86
	EndGlobalSection
	GlobalSection(ProjectConfigurationPlatforms) = postSolution
		{65CB1DF8-7E8E-4715-8478-C0272E97058C}.Debug|x64.ActiveCfg = Debug|x64
		{65CB1DF8-7E8E-4715-8478-C0272E97058C}.Debug|x64.Build.0 = Debug|x64
		{65CB1DF8-7E8E-4715-8478-C0272E97058C}.Debug|x86.ActiveCfg = Debug|Win32
		{65CB1DF8-7E8E-4715-8478-C0272E97058C}.Debug|x86.Build.0 = Debug|Win32
		{65CB1DF8-7E8E-4715-8478-C0272E97058C}.Release|x64.ActiveCfg = Release|x64
		{65CB1DF8-7E8E-4715-8478-C0272E97058C}.Release|x64.Build.0 = Release|x64
		{65CB1DF8-7E8E-4715-8478-C0272E97058C}.Release|x86.ActiveCfg = Release|Win32
		{65CB1DF8-7E8E-4715-8478-C0272E97058C}.Release|x86.Build.0 = Release|Win32
		{BBED8A85-19D4-4185-81FD-8784FADE8AC4}.Debug|x64.ActiveCfg = Debug|x64
		{BBED8A85-19D4-4185-81FD-8784FADE8AC4}.Debug|x64.Build.0 = Debug|x64
		{BBED8A85-19D4-4185-81FD-8784FADE8AC4}.Debug|x86.ActiveCfg = Debug|Win32
		{BBED8A85-19D4-4185-81FD-8784FADE8AC4}.Debug|x86.Build.0 = Debug|Win32
		{BBED8A85-19D4-4185-81FD-8784FADE8AC4}.Release|x64.ActiveCfg = Release|x64
		{BBED8A85-19D4-4185-81FD-8784FADE8AC4}.Release|x64.Build.0 = Release|x64
		{BBED8A85-19D4-4185-81FD-8784FADE8AC4}.Release|x86.ActiveCfg = Release|Win32
		{BBED8A85-19D4-4185-81FD-8784FADE8AC4}.Release|x86.Build.0 = Release|Win32
		{947146AE-E322-4E89-A7DD-E1E3A9D9D8B8}.Debug|x64.ActiveCfg = Debug|x64
		{947146AE-E322-4E89-A7DD-E1E3A9D9D8B8}.Debug|x64.Build.0 = Debug|x64
		{947146AE-E322-4E89-A7DD-E1E3A9D9D8B8}.Debug|x86.ActiveCfg = Debug|Win32
		{947146AE-E322-4E89-A7DD-E1E3A9D9D8B8}.Debug|x86.Build.0 = Debug|Win32
		{947146AE-E322-4E89-A7DD-E1E3A9D9D8B8}.Release|x64.ActiveCfg = Release|x64
		{947146AE-E322-4E89-A7DD-E1E3A9D9D8B8}.Release|x64.Build.0 = Release|x64
		{947146AE-E322-4E89-A7DD-E1E3A9D9D8B8}.Release|x86.ActiveCfg = Release|Win32
		{947146AE-E322-4E89-A7DD-E1E3A9D9D8B8}.Release|x86.Build.0 = Release|Win32
		{BCB809F7-10B8-43BB-9551-5998DC5D99DD}.Debug|x64.ActiveCfg = Debug|x64
		{BCB809F7-10B8-43BB-9551-5998DC5D99DD}.Debug|x64.Build.0 = Debug|x64
		{BCB809F7-10B8-43BB-9551-5998DC5D99DD}.Debug|x86.ActiveCfg = Debug|Win32
		{BCB809F7-10B8-43BB-9551-5998DC5D99DD}.Debug|x86.Build.0 = Debug|Win32
		{BCB809F7-10B8-43BB-9551-5998DC5D99DD}.Release|x64.ActiveCfg = Release|x64
		{BCB809F7-10B8-43BB-9551-5998DC5D99DD}.Release|x64.Build.0 = Release|x64
		{BCB809F7-10B8-43BB-9551-5998DC5D99DD}.Release|x86.ActiveCfg = Release|Win32
		{BCB809F7-10B8-43BB-9551-5998DC5D99DD}.Release|x86.Build.0 = Release|Win32
		{76C314F7-AB3F-473F-95AD-94E24F25D132}.Debug|x64.ActiveCfg = Debug|x64
		{76C314F7-AB3F-473F-95AD-94E24F25D132}.Debug|x64.Build.0 = Debug|x64
		{76C314F7-AB3F-473F-95AD-94E24F25D132}.Debug|x86.ActiveCfg = Debug|Win32
		{76C314F7-AB3F-473F-95AD-94E24F25D132}.Debug|x86.Build.0 = Debug|Win32
		{76C314F7-AB3F-473F-95AD-94E24F25D132}.Release|x64.ActiveCfg = Release|x64
		{76C314F7-AB3F-473F-95AD-94E24F25D132}.Release|x64.Build.0 = Release|x64
		{76C314F7-AB3F-473F-95AD-94E24F25D132}.Release|x86.ActiveCfg = Release|Win32
		{76C314F7-AB3F-473F-95AD-94E24F25D132}.Release|x86.Build.0 = Release|Win32
		{78B079BD-9FC7-4B9E-B4A6-96DA0F00248B}.Debug|x64.ActiveCfg = Debug|x64
		{78B079BD-9FC7-4B9E-B4A6-96DA0F00248B}.Debug|x64.Build.0 = Debug|x64
		{78B079BD-9FC7-4B9E-B4A6-96DA0F00248B}.Debug|x86.ActiveCfg = Debug|Win32
		{78B079BD-9FC7-4B9E-B4A6-96DA0F00248B}.Debug|x86.Build.0 = Debug|Win32
		{78B079BD-9FC7-4B9E-B4A6-96DA0F00248B}.Release|x64.ActiveCfg = Release|x64
		{78B079BD-9FC7-4B9E-B4A6-96DA0F00248B}.Release|x64.Build.0 = Release|x64
		{78B079BD-9FC7-4B9E-B4A6-96DA0F00248B}.Release|x86.ActiveCfg = Release|Win32
		{78B079BD-9FC7-4B9E-B4A6-96DA0F00248B}.Release|x86.Build.0 = Release|Win32
		{4137FF51-9177-4747-9D68-02BA79B1C64E}.Debug|x64.ActiveCfg = Debug|x64
		{4137FF51-9177-4747-9D68-02BA79B1C64E}.Debug|x64.Build.0 = Debug|x64
		{4137FF51-9177-4747-9D68-02BA79B1C64E}.Debug|x86.ActiveCfg = Debug|Win32
		{4137FF51-9177-4747-9D68-02BA79B1C64E}.Debug|x86.Build.0 = Debug|Win32
		{4137FF51-9177-4747-9D68-02BA79B1C64E}.Release|x64.ActiveCfg = Release|x64
		{4137FF51-9177-4747-9D68-02BA79B1C64E}.Release|x64.Build.0 = Release|x64
		{4137FF51-9177-4747-9D68-02BA79B1C64E}.Release|x86.ActiveCfg = Release|Win32
		{4137FF51-9177-4747-9D68-02BA79B1C64E}.Release|x86.Build.0 = Release|Win32
		{B5680AC4-E341-470D-877E-185732CC7FDE}.Debug|x64.ActiveCfg = Debug|x64
		{B5680AC4-E341-470D-877E-185732CC7FDE}.Debug|x64.Build.0 = Debug|x64
		{B5680AC4-E341-470D-877E-185732CC7FDE}.Debug|x86.ActiveCfg = Debug|Win32
		{B5680AC4-E341-470D-877E-185732CC7FDE}.Debug|x86.Build.0 = Debug|Win32
		{B5680AC4-E341-470D-877E-185732CC7FDE}.Release|x64.ActiveCfg = Release|x64
		{B5680AC4-E341-470D-877E-185732CC7FDE}.Release|x64.Build.0 = Release|x64
		{B5680AC4-E341-470D-877E-185732CC7FDE}.Release|x86.ActiveCfg = Release|Win32
		{B5680AC4-E341-470D-877E-185732CC7FDE}.Release|x86.Build.0 = Release|Win32
		{475B79C6-3D39-42B3-8EF3-4F2039686169}.Debug|x64.ActiveCfg = Debug|x64
		{475B79C6-3D39-42B3-8EF3-4F2039686169}.Debug|x64.Build.0 = Debug|x64
		{475B79C6-3D39-42B3-8EF3-4F2039686169}.Debug|x86.ActiveCfg = Debug|Win32
		{475B79C6-3D39-42B3-8EF3-4F2039686169}.Debug|x86.Build.0 = Debug|Win32
		{475B79C6-3D39-42B3-8EF3-4F2039686169}.Release|x64.ActiveCfg = Release|x64
		{475B79C6-3D39-42B3-8EF3-4F2039686169}.Release|x64.Build.0 = Release|x64
		{475B79C6-3D39-42B3-8EF3-4F2039686169}.Release|x86.ActiveCfg = Release|Win32
		{475B79C6-3D39-42B3-8EF3-4F2039686169}.Release|x86.Build.0 = Release|Win32
		{5E2B9C11-A1F9-4219-A0A1-C60D6710EDCE}.Debug|x64.ActiveCfg = Debug|x64
		{5E2B9C11-A1F9-4219-A0A1-C60D6710EDCE}.Debug|x64.Build.0 = Debug|x64
		{5E2B9C11-A1F9-4219-A0A1-C60D6710EDCE}.Debug|x86.ActiveCfg = Debug|Win32
		{5E2B9C11-A1F9-4219-A0A1-C60D6710EDCE}.Debug|x86.Build.0 = Debug|Win32
		{5E2B9C11-A1F9-4219-A0A1-C60D6710EDCE}.Release|x64.ActiveCfg = Release|x64
		{5E2B9C11-A1F9-4219-A0A1-C60D6710EDCE}.Release|x64.Build.0 = Release|x64
		{5E2B9C11-A1F9-4219-A0A1-C60D6710EDCE}.Release|x86.ActiveCfg = Release|Win32
		{5E2B9C11-A1F9-4219-A0A1-C60D6710EDCE}.Release|x86.Build.0 = Release|Win32
		{E8605E2E-DB10-4CA2-A234-0A895EAFDDA2}.Debug|x64.ActiveCfg = Debug|x64
		{E8605E2E-DB10-4CA2-A234-0A895EAFDDA2}.Debug|x64.Build.0 = Debug|x64
		{E8605E2E-DB10-4CA2-A234-0A895EAFDDA2}.Debug|x86.ActiveCfg = Debug|Win32
		{E8605E2E-DB10-4CA2-A234-0A895EAFDDA2}.Debug|x86.Build.0 = Debug|Win32
		{E8605E2E-DB10-4CA2-A234-0A895EAFDDA2}.Release|x64.ActiveCfg = Release|x64
		{E8605E2E-DB10-4CA2-A234-0A895EAFDDA2}.Release|x64.Build.0 = Release|x64
		{E8605E2E-DB10-4CA2-A234-0A895EAFDDA2}.Release|x86.ActiveCfg = Release|Win32
		{E8605E2E-DB10-4CA2-A234-0A895EAFDDA2}.Release|x86.Build.0 = Release|Win32
		{7E637F2E-79E2-4B29-9334-2EE60A4AAFED}.Debug|x64.ActiveCfg = Debug|x64
		{7E637F2E-79E2-4B29-9334-2EE60A4AAFED}.Debug|x64.Build.0 = Debug|x64
		{7E637F2E-79E2-4B29-9334-2EE60A4AAFED}.Debug|x86.ActiveCfg = Debug|Win32
		{7E637F2E-79E2-4B29-9334-2EE60A4AAFED}.Debug|x86.Build.0 = Debug|Win32
		{7E637F2E-79E2-4B29-9334-2EE60A4AAFED}.Release|x64.ActiveCfg = Release|x64
		{7E637F2E-79E2-4B29-9334-2EE60A4AAFED}.Release|x64.Build.0 = Release|x64
		{7E637F2E-79E2-4B29-9334-2EE60A4AAFED}.Release|x86.ActiveCfg = Release|Win32
		{7E637F2E-79E2-4B29-9334-2EE60A4AAFED}.Release|x86.Build.0 = Release|Win32
		{ADCC7D92-A982-4386-B112-E3162C124383}.Debug|x64.ActiveCfg = Debug|x64
		{ADCC7D92-A982-4386-B112-E3162C124383}.Debug|x64.Build.0 = Debug|x64
		{ADCC7D92-A982-4386-B112-E3162C124383}.Debug|x86.ActiveCfg = Debug|Win32
		{ADCC7D92-A982-4386-B112-E3162C124383}.Debug|x86.Build.0 = Debug|Win32
		{ADCC7D92-A982-4386-B112-E3162C124383}.Release|x64.ActiveCfg = Release|x64
		{ADCC7D92-A982-4386-B112-E3162C124383}.Release|x64.Build.0 = Release|x64
		{ADCC7D92-A982-4386-B112-E3162C124383}.Release|x86.ActiveCfg = Release|Win32
		{ADCC7D92-A982-4386-B112-E3162C124383}.Release|x86.Build.0 = Release|Win32
		{FCA985D0-3C75-4DC7-B57D-7709E21F50DB}.Debug|x64.ActiveCfg = Debug|x64
		{FCA985D0-3C75-4DC7-B57D-7709E21F50DB}.Debug|x64.Build.0 = Debug|x64
		{FCA985D0-3C75-4DC7-B57D-7709E21F50DB}.Debug|x86.ActiveCfg = Debug|Win32
		{FCA985D0-3C75-4DC7-B57D-7709E21F50DB}.Debug|x86.Build.0 = Debug|Win32
		{FCA985D0-3C75-4DC7-B57D-7709E21F50DB}.Release|x64.ActiveCfg = Release|x64
		{FCA985D0-3C75-4DC7-B57D-7709E21F50DB}.Release|x64.Build.0 = Release|x64
		{FCA985D0-3C75-4DC7-B57D-7709E21F50DB}.Release|x86.ActiveCfg = Release|Win32
		{FCA985D0-3C75-4DC7-B57D-7709E21F50DB}.Release|x86.Build.0 = Release|Win32
		{DA2A443D-CAB1-4B0A-9FFD-4FA0B59FF206}.Debug|x64.ActiveCfg = Debug|x64
		{DA2A443D-CAB1-4B0A-9FFD-4FA0B59FF206}.Debug|x64.Build.0 = Debug|x64
		{DA2A443D-CAB1-4B0A-9FFD-4FA0B59FF206}.Debug|x86.ActiveCfg = Debug|Win32
		{DA2A443D-CAB1-4B0A-9FFD-4FA0B59FF206}.Debug|x86.Build.0 = Debug|Win32
		{DA2A443D-CAB1-4B0A-9FFD-4FA0B59FF206}.Release|x64.ActiveCfg = Release|x64
		{DA2A443D-CAB1-4B0A-9FFD-4FA0B59FF206}.Release|x64.Build.0 = Release|x64
		{DA2A443D-CAB1-4B0A-9FFD-4FA0B59FF206}.Release|x86.ActiveCfg = Release|Win32
		{DA2A443D-CAB1-4B0A-9FFD-4FA0B59FF206}.Release|x86.Build.0 = Release|Win32
		{43869856-A805-479E-ACE7-B646884A3647}.Debug|x64.ActiveCfg = Debug|x64
		{43869856-A805-479E-ACE7-B646884A3647}.Debug|x64.Build.0 = Debug|x64
		{43869856-A805-479E-ACE7-B646884A3647}.Debug|x86.ActiveCfg = Debug|Win32
		{43869856-A805-479E-ACE7-B646884A3647}.Debug|x86.Build.0 = Debug|Win32
		{43869856-A805-479E-ACE7-B646884A3647}.Release|x64.ActiveCfg = Release|x64
		{43869856-A805-479E-ACE7-B646884A3647}.Release|x64.Build.0 = Release|x64
		{43869856-A805-479E-ACE7-B646884A3647}.Release|x86.ActiveCfg = Release|Win32
		{43869856-A805-479E-ACE7-B646884A3647}.Release|x86.Build.0 = Release|Win32
		{DE902121-4568-445F-9D1C-674B2D7B10B4}.Debug|x64.ActiveCfg = Debug|x64
		{DE902121-4568-445F-9D1C-674B2D7B10B4}.Debug|x64.Build.0 = Debug|x64
		{DE902121-4568-445F-9D1C-674B2D7B10B4}.Debug|x86.ActiveCfg = Debug|Win32
		{DE902121-4568-445F-9D1C-674B2D7B10B4}.Debug|x86.Build.0 = Debug|Win32
		{DE902121-4568-445F-9D1C-674B2D7B10B4}.Release|x64.ActiveCfg = Release|x64
		{DE902121-4568-445F-9D1C-674B2D7B10B4}.Release|x64.Build.0 = Release|x64
		{DE902121-4568-445F-9D1C-674B2D7B10B4}.Release|x86.ActiveCfg = Release|Win32
		{DE902121-4568-445F-9D1C-674B2D7B10B4}.Release|x86.Build.0 = Release|Win32
		{0E6DECFE-4FB8-4CEE-A346-A391CF913633}.Debug|x64.ActiveCfg = Debug|x64
		{0E6DECFE-4FB8-4CEE-A346-A391CF913633}.Debug|x64.Build.0 = Debug|x64
		{0E6DECFE-4FB8-4CEE-A346-A391CF913633}.Debug|x86.ActiveCfg = Debug|Win32
		{0E6DECFE-4FB8-4CEE-A346-A391CF913633}.Debug|x86.Build.0 = Debug|Win32
		{0E6DECFE-4FB8-4CEE-A346-A391CF913633}.Release|x64.ActiveCfg = Release|x64
		{0E6DECFE-4FB8-4CEE-A346-A391CF913633}.Release|x64.Build.0 = Release|x64
		{0E6DECFE-4FB8-4CEE-A346-A391CF913633}.Release|x86.ActiveCfg = Release|Win32
		{0E6DECFE-4FB8-4CEE-A346-A391CF913633}.Release|x86.Build.0 = Release|Win32
		{0CF7649B-781A-4FB6-B962-2866C11C7842}.Debug|x64.ActiveCfg = Debug|x64
		{0CF7649B-781A-4FB6-B962-2866C11C7842}.Debug|x64.Build.0 = Debug|x64
		{0CF7649B-781A-4FB6-B962-2866C11C7842}.Debug|x86.ActiveCfg = Debug|Win32
		{0CF7649B-781A-4FB6-B962-2866C11C7842}.Debug|x86.Build.0 = Debug|Win32
		{0CF7649B-781A-4FB6-B962-2866C11C7842}.Release|x64.ActiveCfg = Release|x64
		{0CF7649B-781A-4FB6-B962-2866C11C7842}.Release|x64.Build.0 = Release|x64
		{0CF7649B-781A-4FB6-B962-2866C11C7842}.Release|x86.ActiveCfg = Release|Win32
		{0CF7649B-781A-4FB6-B962-2866C11C7842}.Release|x86.Build.0 = Release|Win32
		{5C83CB5D-FDE7-484E-B8C5-AC360DE5140F}.Debug|x64.ActiveCfg = Debug|x64
		{5C83CB5D-FDE7-484E-B8C5-AC360DE5140F}.Debug|x64.Build.0 = Debug|x64
		{5C83CB5D-FDE7-484E-B8C5-AC360DE5140F}.Debug|x86.ActiveCfg = Debug|Win32
		{5C83CB5D-FDE7-484E-B8C5-AC360DE5140F}.Debug|x86.Build.0 = Debug|Win32
		{5C83CB5D-FDE7-484E-B8C5-AC360DE5140F}.Release|x64.ActiveCfg = Release|x64
		{5C83CB5D-FDE7-484E-B8C5-AC360DE5140F}.Release|x64.Build.0 = Release|x64
		{5C83CB5D-FDE7-484E-B8C5-AC360DE5140F}.Release|x86.ActiveCfg = Release|Win32
		{5C83CB5D-FDE7-484E-B8C5-AC360DE5140F}.Release|x86.Build.0 = Release|Win32
		{CA69BED8-CEFE-41A4-B5D6-4769A5968DD0}.Debug|x64.ActiveCfg = Debug|x64
		{CA69BED8-CEFE-41A4-B5D6-4769A5968DD0}.Debug|x64.Build.0 = Debug|x64
		{CA69BED8-CEFE-41A4-B5D6-4769A5968DD0}.Debug|x86.ActiveCfg = Debug|Win32
		{CA69BED8-CEFE-41A4-B5D6-4769A5968DD0}.Debug|x86.Build.0 = Debug|Win32
		{CA69BED8-CEFE-41A4-B5D6-4769A5968DD0}.Release|x64.ActiveCfg = Release|x64
		{CA69BED8-CEFE-41A4-B5D6-4769A5968DD0}.Release|x64.Build.0 = Release|x64
		{CA69BED8-CEFE-41A4-B5D6-4769A5968DD0}.Release|x86.ActiveCfg = Release|Win32
		{CA69BED8-CEFE-41A4-B5D6-4769A5968DD0}.Release|x86.Build.0 = Release|Win32
		{ACDE9D91-F9EB-4670-A3B8-B4B117AC85D3}.Debug|x64.ActiveCfg = Debug|x64
		{ACDE9D91-F9EB-4670-A3B8-B4B117AC85D3}.Debug|x64.Build.0 = Debug|x64
		{ACDE9D91-F9EB-4670-A3B8-B4B117AC85D3}.Debug|x86.ActiveCfg = Debug|Win32
		{ACDE9D91-F9EB-4670-A3B8-B4B117AC85D3}.Debug|x86.Build.0 = Debug|Win32
		{ACDE9D91-F9EB-4670-A3B8-B4B117AC85D3}.Release|x64.ActiveCfg = Release|x64
		{ACDE9D91-F9EB-4670-A3B8-B4B117AC85D3}.Release|x64.Build.0 = Release|x64
		{ACDE9D91-F9EB-4670-A3B8-B4B117AC85D3}.Release|x86.ActiveCfg = Release|Win32
		{ACDE9D91-F9EB-4670-A3B8-B4B117AC85D3}.Release|x86.Build.0 = Release|Win32
	EndGlobalSection
	GlobalSection(SolutionProperties) = preSolution
		HideSolutionNode = FALSE
	EndGlobalSection
	GlobalSection(NestedProjects) = preSolution
		{57EF3FB6-81DE-40FC-966F-33EA0CF82585} = {BBACFAAE-0DB8-4CF1-B3B3-F58DD73C418B}
		{65CB1DF8-7E8E-4715-8478-C0272E97058C} = {BBACFAAE-0DB8-4CF1-B3B3-F58DD73C418B}
		{BBED8A85-19D4-4185-81FD-8784FADE8AC4} = {BBACFAAE-0DB8-4CF1-B3B3-F58DD73C418B}
		{947146AE-E322-4E89-A7DD-E1E3A9D9D8B8} = {BBACFAAE-0DB8-4CF1-B3B3-F58DD73C418B}
		{BCB809F7-10B8-43BB-9551-5998DC5D99DD} = {BBACFAAE-0DB8-4CF1-B3B3-F58DD73C418B}
		{76C314F7-AB3F-473F-95AD-94E24F25D132} = {BBACFAAE-0DB8-4CF1-B3B3-F58DD73C418B}
		{78B079BD-9FC7-4B9E-B4A6-96DA0F00248B} = {BBACFAAE-0DB8-4CF1-B3B3-F58DD73C418B}
		{4137FF51-9177-4747-9D68-02BA79B1C64E} = {57EF3FB6-81DE-40FC-966F-33EA0CF82585}
		{B5680AC4-E341-470D-877E-185732CC7FDE} = {57EF3FB6-81DE-40FC-966F-33EA0CF82585}
		{475B79C6-3D39-42B3-8EF3-4F2039686169} = {57EF3FB6-81DE-40FC-966F-33EA0CF82585}
		{5E2B9C11-A1F9-4219-A0A1-C60D6710EDCE} = {50E34D7D-E0AC-4B37-9484-6CCE3FC888DC}
		{E8605E2E-DB10-4CA2-A234-0A895EAFDDA2} = {50E34D7D-E0AC-4B37-9484-6CCE3FC888DC}
		{7E637F2E-79E2-4B29-9334-2EE60A4AAFED} = {50E34D7D-E0AC-4B37-9484-6CCE3FC888DC}
		{ADCC7D92-A982-4386-B112-E3162C124383} = {6CF8E9D6-5280-45D1-BDA8-DB9B49F23F27}
		{FCA985D0-3C75-4DC7-B57D-7709E21F50DB} = {6CF8E9D6-5280-45D1-BDA8-DB9B49F23F27}
		{DA2A443D-CAB1-4B0A-9FFD-4FA0B59FF206} = {A602BBF5-9505-41B4-B5AB-3613427387F1}
		{43869856-A805-479E-ACE7-B646884A3647} = {A602BBF5-9505-41B4-B5AB-3613427387F1}
		{DE902121-4568-445F-9D1C-674B2D7B10B4} = {A602BBF5-9505-41B4-B5AB-3613427387F1}
		{0E6DECFE-4FB8-4CEE-A346-A391CF913633} = {A602BBF5-9505-41B4-B5AB-3613427387F1}
		{0CF7649B-781A-4FB6-B962-2866C11C7842} = {A602BBF5-9505-41B4-B5AB-3613427387F1}
		{5C83CB5D-FDE7-484E-B8C5-AC360DE5140F} = {57EF3FB6-81DE-40FC-966F-33EA0CF82585}
		{CA69BED8-CEFE-41A4-B5D6-4769A5968DD0} = {6CF8E9D6-5280-45D1-BDA8-DB9B49F23F27}
		{ACDE9D91-F9EB-4670-A3B8-B4B117AC85D3} = {A602BBF5-9505-41B4-B5AB-3613427387F1}
	EndGlobalSection
EndGlobal
