
Microsoft Visual Studio Solution File, Format Version 12.00
# Visual Studio 14
VisualStudioVersion = 14.0.25420.1
MinimumVisualStudioVersion = 10.0.40219.1
Project("{8BC9CEB8-8B4A-11D0-8D11-00A0C91BC942}") = "RenderSystem_GL", "Plugins\RenderSystem_GL\RenderSystem_GL.vcxproj", "{ADCC7D92-A982-4386-B112-E3162C124383}"
EndProject
Project("{8BC9CEB8-8B4A-11D0-8D11-00A0C91BC942}") = "ModelViewer", "Samples\ModelViewer\ModelViewer.vcxproj", "{0E6DECFE-4FB8-4CEE-A346-A391CF913633}"
EndProject
Project("{8BC9CEB8-8B4A-11D0-8D11-00A0C91BC942}") = "ScriptSystem_Lua", "Plugins\ScriptSystem_lua\ScriptSystem_lua.vcxproj", "{FCA985D0-3C75-4DC7-B57D-7709E21F50DB}"
EndProject
Project("{2150E333-8FDC-42A3-9474-1A3956D46DE8}") = "Samples", "Samples", "{A602BBF5-9505-41B4-B5AB-3613427387F1}"
EndProject
Project("{2150E333-8FDC-42A3-9474-1A3956D46DE8}") = "Plugins", "Plugins", "{6CF8E9D6-5280-45D1-BDA8-DB9B49F23F27}"
EndProject
Project("{8BC9CEB8-8B4A-11D0-8D11-00A0C91BC942}") = "CableDiagram", "Samples\CableDiagram\CableDiagram.vcxproj", "{DA2A443D-CAB1-4B0A-9FFD-4FA0B59FF206}"
EndProject
Project("{8BC9CEB8-8B4A-11D0-8D11-00A0C91BC942}") = "VayoMain", "VayoMain\VayoMain.vcxproj", "{E8605E2E-DB10-4CA2-A234-0A895EAFDDA2}"
EndProject
Project("{8BC9CEB8-8B4A-11D0-8D11-00A0C91BC942}") = "HelloWorld", "Samples\HelloWorld\HelloWorld.vcxproj", "{43869856-A805-479E-ACE7-B646884A3647}"
EndProject
Project("{8BC9CEB8-8B4A-11D0-8D11-00A0C91BC942}") = "TessgridBuilder", "Samples\TessgridBuilder\TessgridBuilder.vcxproj", "{0CF7649B-781A-4FB6-B962-2866C11C7842}"
EndProject
Project("{2150E333-8FDC-42A3-9474-1A3956D46DE8}") = "VayoMain", "VayoMain", "{C550BF1B-9010-4154-A76B-8E1FF90AAC45}"
EndProject
Project("{8BC9CEB8-8B4A-11D0-8D11-00A0C91BC942}") = "freetype", "VayoMain\ThirdParty\freetype-2.9.1\freetype.vcxproj", "{78B079BD-9FC7-4B9E-B4A6-96DA0F00248B}"
EndProject
Global
	GlobalSection(SolutionConfigurationPlatforms) = preSolution
		Debug|x64 = Debug|x64
		Debug|x86 = Debug|x86
		Release|x64 = Release|x64
		Release|x86 = Release|x86
	EndGlobalSection
	GlobalSection(ProjectConfigurationPlatforms) = postSolution
		{ADCC7D92-A982-4386-B112-E3162C124383}.Debug|x64.ActiveCfg = Debug|x64
		{ADCC7D92-A982-4386-B112-E3162C124383}.Debug|x64.Build.0 = Debug|x64
		{ADCC7D92-A982-4386-B112-E3162C124383}.Debug|x86.ActiveCfg = Debug|Win32
		{ADCC7D92-A982-4386-B112-E3162C124383}.Debug|x86.Build.0 = Debug|Win32
		{ADCC7D92-A982-4386-B112-E3162C124383}.Release|x64.ActiveCfg = Release|x64
		{ADCC7D92-A982-4386-B112-E3162C124383}.Release|x64.Build.0 = Release|x64
		{ADCC7D92-A982-4386-B112-E3162C124383}.Release|x86.ActiveCfg = Release|Win32
		{ADCC7D92-A982-4386-B112-E3162C124383}.Release|x86.Build.0 = Release|Win32
		{0E6DECFE-4FB8-4CEE-A346-A391CF913633}.Debug|x64.ActiveCfg = Debug|x64
		{0E6DECFE-4FB8-4CEE-A346-A391CF913633}.Debug|x64.Build.0 = Debug|x64
		{0E6DECFE-4FB8-4CEE-A346-A391CF913633}.Debug|x86.ActiveCfg = Debug|Win32
		{0E6DECFE-4FB8-4CEE-A346-A391CF913633}.Debug|x86.Build.0 = Debug|Win32
		{0E6DECFE-4FB8-4CEE-A346-A391CF913633}.Release|x64.ActiveCfg = Release|x64
		{0E6DECFE-4FB8-4CEE-A346-A391CF913633}.Release|x64.Build.0 = Release|x64
		{0E6DECFE-4FB8-4CEE-A346-A391CF913633}.Release|x86.ActiveCfg = Release|Win32
		{0E6DECFE-4FB8-4CEE-A346-A391CF913633}.Release|x86.Build.0 = Release|Win32
		{FCA985D0-3C75-4DC7-B57D-7709E21F50DB}.Debug|x64.ActiveCfg = Debug|x64
		{FCA985D0-3C75-4DC7-B57D-7709E21F50DB}.Debug|x64.Build.0 = Debug|x64
		{FCA985D0-3C75-4DC7-B57D-7709E21F50DB}.Debug|x86.ActiveCfg = Debug|Win32
		{FCA985D0-3C75-4DC7-B57D-7709E21F50DB}.Debug|x86.Build.0 = Debug|Win32
		{FCA985D0-3C75-4DC7-B57D-7709E21F50DB}.Release|x64.ActiveCfg = Release|x64
		{FCA985D0-3C75-4DC7-B57D-7709E21F50DB}.Release|x64.Build.0 = Release|x64
		{FCA985D0-3C75-4DC7-B57D-7709E21F50DB}.Release|x86.ActiveCfg = Release|Win32
		{FCA985D0-3C75-4DC7-B57D-7709E21F50DB}.Release|x86.Build.0 = Release|Win32
		{DA2A443D-CAB1-4B0A-9FFD-4FA0B59FF206}.Debug|x64.ActiveCfg = Debug|x64
		{DA2A443D-CAB1-4B0A-9FFD-4FA0B59FF206}.Debug|x64.Build.0 = Debug|x64
		{DA2A443D-CAB1-4B0A-9FFD-4FA0B59FF206}.Debug|x86.ActiveCfg = Debug|Win32
		{DA2A443D-CAB1-4B0A-9FFD-4FA0B59FF206}.Debug|x86.Build.0 = Debug|Win32
		{DA2A443D-CAB1-4B0A-9FFD-4FA0B59FF206}.Release|x64.ActiveCfg = Release|x64
		{DA2A443D-CAB1-4B0A-9FFD-4FA0B59FF206}.Release|x64.Build.0 = Release|x64
		{DA2A443D-CAB1-4B0A-9FFD-4FA0B59FF206}.Release|x86.ActiveCfg = Release|Win32
		{DA2A443D-CAB1-4B0A-9FFD-4FA0B59FF206}.Release|x86.Build.0 = Release|Win32
		{E8605E2E-DB10-4CA2-A234-0A895EAFDDA2}.Debug|x64.ActiveCfg = Debug|x64
		{E8605E2E-DB10-4CA2-A234-0A895EAFDDA2}.Debug|x64.Build.0 = Debug|x64
		{E8605E2E-DB10-4CA2-A234-0A895EAFDDA2}.Debug|x86.ActiveCfg = Debug|Win32
		{E8605E2E-DB10-4CA2-A234-0A895EAFDDA2}.Debug|x86.Build.0 = Debug|Win32
		{E8605E2E-DB10-4CA2-A234-0A895EAFDDA2}.Release|x64.ActiveCfg = Release|x64
		{E8605E2E-DB10-4CA2-A234-0A895EAFDDA2}.Release|x64.Build.0 = Release|x64
		{E8605E2E-DB10-4CA2-A234-0A895EAFDDA2}.Release|x86.ActiveCfg = Release|Win32
		{E8605E2E-DB10-4CA2-A234-0A895EAFDDA2}.Release|x86.Build.0 = Release|Win32
		{43869856-A805-479E-ACE7-B646884A3647}.Debug|x64.ActiveCfg = Debug|x64
		{43869856-A805-479E-ACE7-B646884A3647}.Debug|x64.Build.0 = Debug|x64
		{43869856-A805-479E-ACE7-B646884A3647}.Debug|x86.ActiveCfg = Debug|Win32
		{43869856-A805-479E-ACE7-B646884A3647}.Debug|x86.Build.0 = Debug|Win32
		{43869856-A805-479E-ACE7-B646884A3647}.Release|x64.ActiveCfg = Release|x64
		{43869856-A805-479E-ACE7-B646884A3647}.Release|x64.Build.0 = Release|x64
		{43869856-A805-479E-ACE7-B646884A3647}.Release|x86.ActiveCfg = Release|Win32
		{43869856-A805-479E-ACE7-B646884A3647}.Release|x86.Build.0 = Release|Win32
		{0CF7649B-781A-4FB6-B962-2866C11C7842}.Debug|x64.ActiveCfg = Debug|x64
		{0CF7649B-781A-4FB6-B962-2866C11C7842}.Debug|x64.Build.0 = Debug|x64
		{0CF7649B-781A-4FB6-B962-2866C11C7842}.Debug|x86.ActiveCfg = Debug|Win32
		{0CF7649B-781A-4FB6-B962-2866C11C7842}.Debug|x86.Build.0 = Debug|Win32
		{0CF7649B-781A-4FB6-B962-2866C11C7842}.Release|x64.ActiveCfg = Release|x64
		{0CF7649B-781A-4FB6-B962-2866C11C7842}.Release|x64.Build.0 = Release|x64
		{0CF7649B-781A-4FB6-B962-2866C11C7842}.Release|x86.ActiveCfg = Release|Win32
		{0CF7649B-781A-4FB6-B962-2866C11C7842}.Release|x86.Build.0 = Release|Win32
		{78B079BD-9FC7-4B9E-B4A6-96DA0F00248B}.Debug|x64.ActiveCfg = Debug|x64
		{78B079BD-9FC7-4B9E-B4A6-96DA0F00248B}.Debug|x64.Build.0 = Debug|x64
		{78B079BD-9FC7-4B9E-B4A6-96DA0F00248B}.Debug|x86.ActiveCfg = Debug|Win32
		{78B079BD-9FC7-4B9E-B4A6-96DA0F00248B}.Debug|x86.Build.0 = Debug|Win32
		{78B079BD-9FC7-4B9E-B4A6-96DA0F00248B}.Release|x64.ActiveCfg = Release|x64
		{78B079BD-9FC7-4B9E-B4A6-96DA0F00248B}.Release|x64.Build.0 = Release|x64
		{78B079BD-9FC7-4B9E-B4A6-96DA0F00248B}.Release|x86.ActiveCfg = Release|Win32
		{78B079BD-9FC7-4B9E-B4A6-96DA0F00248B}.Release|x86.Build.0 = Release|Win32
	EndGlobalSection
	GlobalSection(SolutionProperties) = preSolution
		HideSolutionNode = FALSE
	EndGlobalSection
	GlobalSection(NestedProjects) = preSolution
		{ADCC7D92-A982-4386-B112-E3162C124383} = {6CF8E9D6-5280-45D1-BDA8-DB9B49F23F27}
		{0E6DECFE-4FB8-4CEE-A346-A391CF913633} = {A602BBF5-9505-41B4-B5AB-3613427387F1}
		{FCA985D0-3C75-4DC7-B57D-7709E21F50DB} = {6CF8E9D6-5280-45D1-BDA8-DB9B49F23F27}
		{DA2A443D-CAB1-4B0A-9FFD-4FA0B59FF206} = {A602BBF5-9505-41B4-B5AB-3613427387F1}
		{E8605E2E-DB10-4CA2-A234-0A895EAFDDA2} = {C550BF1B-9010-4154-A76B-8E1FF90AAC45}
		{43869856-A805-479E-ACE7-B646884A3647} = {A602BBF5-9505-41B4-B5AB-3613427387F1}
		{0CF7649B-781A-4FB6-B962-2866C11C7842} = {A602BBF5-9505-41B4-B5AB-3613427387F1}
		{78B079BD-9FC7-4B9E-B4A6-96DA0F00248B} = {C550BF1B-9010-4154-A76B-8E1FF90AAC45}
	EndGlobalSection
EndGlobal
