<?xml version="1.0" encoding="utf-8"?>
<Project ToolsVersion="4.0" xmlns="http://schemas.microsoft.com/developer/msbuild/2003">
  <ItemGroup>
    <Filter Include="GL">
      <UniqueIdentifier>{4f1751bd-0791-4029-97c1-a1d4e151658f}</UniqueIdentifier>
    </Filter>
    <Filter Include="Include">
      <UniqueIdentifier>{93995380-89BD-4b04-88EB-625FBE52EBFB}</UniqueIdentifier>
      <Extensions>h;hh;hpp;hxx;hm;inl;inc;xsd</Extensions>
    </Filter>
    <Filter Include="Source">
      <UniqueIdentifier>{4FC737F1-C7A5-4376-A066-2A32D752A2FF}</UniqueIdentifier>
      <Extensions>cpp;c;cc;cxx;def;odl;idl;hpj;bat;asm;asmx</Extensions>
    </Filter>
  </ItemGroup>
  <ItemGroup>
    <ClCompile Include="GL\glad.c">
      <Filter>GL</Filter>
    </ClCompile>
    <ClCompile Include="Source\VayoGLDisplayList.cpp">
      <Filter>Source</Filter>
    </ClCompile>
    <ClCompile Include="Source\VayoGLDll.cpp">
      <Filter>Source</Filter>
    </ClCompile>
    <ClCompile Include="Source\VayoGLPlugin.cpp">
      <Filter>Source</Filter>
    </ClCompile>
    <ClCompile Include="Source\VayoGLRenderSystem.cpp">
      <Filter>Source</Filter>
    </ClCompile>
    <ClCompile Include="Source\VayoGLTesselator.cpp">
      <Filter>Source</Filter>
    </ClCompile>
    <ClCompile Include="Source\VayoGLTexture.cpp">
      <Filter>Source</Filter>
    </ClCompile>
  </ItemGroup>
  <ItemGroup>
    <ClInclude Include="GL\glad.h">
      <Filter>GL</Filter>
    </ClInclude>
    <ClInclude Include="GL\khrplatform.h">
      <Filter>GL</Filter>
    </ClInclude>
    <ClInclude Include="GL\wglext.h">
      <Filter>GL</Filter>
    </ClInclude>
    <ClInclude Include="Include\VayoGLDisplayList.h">
      <Filter>Include</Filter>
    </ClInclude>
    <ClInclude Include="Include\VayoGLMaterialRenderer.h">
      <Filter>Include</Filter>
    </ClInclude>
    <ClInclude Include="Include\VayoGLPlugin.h">
      <Filter>Include</Filter>
    </ClInclude>
    <ClInclude Include="Include\VayoGLRenderSystem.h">
      <Filter>Include</Filter>
    </ClInclude>
    <ClInclude Include="Include\VayoGLSupport.h">
      <Filter>Include</Filter>
    </ClInclude>
    <ClInclude Include="Include\VayoGLTesselator.h">
      <Filter>Include</Filter>
    </ClInclude>
    <ClInclude Include="Include\VayoGLTexture.h">
      <Filter>Include</Filter>
    </ClInclude>
  </ItemGroup>
</Project>