<?xml version="1.0" encoding="utf-8"?>
<Project ToolsVersion="4.0" xmlns="http://schemas.microsoft.com/developer/msbuild/2003">
  <ItemGroup>
    <Filter Include="Include">
      <UniqueIdentifier>{93995380-89BD-4b04-88EB-625FBE52EBFB}</UniqueIdentifier>
      <Extensions>h;hh;hpp;hxx;hm;inl;inc;xsd</Extensions>
    </Filter>
    <Filter Include="Source">
      <UniqueIdentifier>{4FC737F1-C7A5-4376-A066-2A32D752A2FF}</UniqueIdentifier>
      <Extensions>cpp;c;cc;cxx;def;odl;idl;hpj;bat;asm;asmx</Extensions>
    </Filter>
    <Filter Include="ThirdParty">
      <UniqueIdentifier>{2e2643e7-499c-4a15-a474-0ec45764347e}</UniqueIdentifier>
    </Filter>
    <Filter Include="ThirdParty\rc5">
      <UniqueIdentifier>{03ac9f9d-2b61-4a34-a13b-a0d26a1a8807}</UniqueIdentifier>
    </Filter>
    <Filter Include="ThirdParty\tinyxml2">
      <UniqueIdentifier>{cace3c7e-e03e-4ae0-87ff-2fe475aa9cd6}</UniqueIdentifier>
    </Filter>
    <Filter Include="ThirdParty\zlib">
      <UniqueIdentifier>{309f4472-9ab0-4c09-b393-1f83be0f770d}</UniqueIdentifier>
    </Filter>
    <Filter Include="ThirdParty\stb_image">
      <UniqueIdentifier>{1876f59d-ced8-4553-8770-5994be6120f1}</UniqueIdentifier>
    </Filter>
    <Filter Include="Source\Headers">
      <UniqueIdentifier>{a20fd65f-2fb0-4c01-add1-79db50baac9d}</UniqueIdentifier>
    </Filter>
  </ItemGroup>
  <ItemGroup>
    <ClInclude Include="Include\Vayo.h">
      <Filter>Include</Filter>
    </ClInclude>
    <ClInclude Include="Include\VayoAabbox3d.h">
      <Filter>Include</Filter>
    </ClInclude>
    <ClInclude Include="Include\VayoAny.h">
      <Filter>Include</Filter>
    </ClInclude>
    <ClInclude Include="Include\VayoApp.h">
      <Filter>Include</Filter>
    </ClInclude>
    <ClInclude Include="Include\VayoArcball.h">
      <Filter>Include</Filter>
    </ClInclude>
    <ClInclude Include="Include\VayoBaseGUI.h">
      <Filter>Include</Filter>
    </ClInclude>
    <ClInclude Include="Include\VayoBitState.h">
      <Filter>Include</Filter>
    </ClInclude>
    <ClInclude Include="Include\VayoCamera.h">
      <Filter>Include</Filter>
    </ClInclude>
    <ClInclude Include="Include\VayoCollision.h">
      <Filter>Include</Filter>
    </ClInclude>
    <ClInclude Include="Include\VayoColour.h">
      <Filter>Include</Filter>
    </ClInclude>
    <ClInclude Include="Include\VayoCommon.h">
      <Filter>Include</Filter>
    </ClInclude>
    <ClInclude Include="Include\VayoConfigManager.h">
      <Filter>Include</Filter>
    </ClInclude>
    <ClInclude Include="Include\VayoCoreGUI.h">
      <Filter>Include</Filter>
    </ClInclude>
    <ClInclude Include="Include\VayoDatabaseCSV.h">
      <Filter>Include</Filter>
    </ClInclude>
    <ClInclude Include="Include\VayoDevice.h">
      <Filter>Include</Filter>
    </ClInclude>
    <ClInclude Include="Include\VayoDimension2d.h">
      <Filter>Include</Filter>
    </ClInclude>
    <ClInclude Include="Include\VayoDisplayList.h">
      <Filter>Include</Filter>
    </ClInclude>
    <ClInclude Include="Include\VayoDynLib.h">
      <Filter>Include</Filter>
    </ClInclude>
    <ClInclude Include="Include\VayoDynLibManager.h">
      <Filter>Include</Filter>
    </ClInclude>
    <ClInclude Include="Include\VayoEntity.h">
      <Filter>Include</Filter>
    </ClInclude>
    <ClInclude Include="Include\VayoFileIO.h">
      <Filter>Include</Filter>
    </ClInclude>
    <ClInclude Include="Include\VayoFrustum.h">
      <Filter>Include</Filter>
    </ClInclude>
    <ClInclude Include="Include\VayoImage.h">
      <Filter>Include</Filter>
    </ClInclude>
    <ClInclude Include="Include\VayoInput.h">
      <Filter>Include</Filter>
    </ClInclude>
    <ClInclude Include="Include\VayoLanguage.h">
      <Filter>Include</Filter>
    </ClInclude>
    <ClInclude Include="Include\VayoLight.h">
      <Filter>Include</Filter>
    </ClInclude>
    <ClInclude Include="Include\VayoLightData.h">
      <Filter>Include</Filter>
    </ClInclude>
    <ClInclude Include="Include\VayoLine2d.h">
      <Filter>Include</Filter>
    </ClInclude>
    <ClInclude Include="Include\VayoLine3d.h">
      <Filter>Include</Filter>
    </ClInclude>
    <ClInclude Include="Include\VayoLog.h">
      <Filter>Include</Filter>
    </ClInclude>
    <ClInclude Include="Include\VayoManualObject.h">
      <Filter>Include</Filter>
    </ClInclude>
    <ClInclude Include="Include\VayoMaterial.h">
      <Filter>Include</Filter>
    </ClInclude>
    <ClInclude Include="Include\VayoMaterialManager.h">
      <Filter>Include</Filter>
    </ClInclude>
    <ClInclude Include="Include\VayoMaterialRenderer.h">
      <Filter>Include</Filter>
    </ClInclude>
    <ClInclude Include="Include\VayoMath.h">
      <Filter>Include</Filter>
    </ClInclude>
    <ClInclude Include="Include\VayoMatrix4x4.h">
      <Filter>Include</Filter>
    </ClInclude>
    <ClInclude Include="Include\VayoMesh.h">
      <Filter>Include</Filter>
    </ClInclude>
    <ClInclude Include="Include\VayoMeshManager.h">
      <Filter>Include</Filter>
    </ClInclude>
    <ClInclude Include="Include\VayoMovableObject.h">
      <Filter>Include</Filter>
    </ClInclude>
    <ClInclude Include="Include\VayoNode.h">
      <Filter>Include</Filter>
    </ClInclude>
    <ClInclude Include="Include\VayoNodeAnimator.h">
      <Filter>Include</Filter>
    </ClInclude>
    <ClInclude Include="Include\VayoPlane3d.h">
      <Filter>Include</Filter>
    </ClInclude>
    <ClInclude Include="Include\VayoPlugin.h">
      <Filter>Include</Filter>
    </ClInclude>
    <ClInclude Include="Include\VayoQuaternion.h">
      <Filter>Include</Filter>
    </ClInclude>
    <ClInclude Include="Include\VayoRectangle.h">
      <Filter>Include</Filter>
    </ClInclude>
    <ClInclude Include="Include\VayoRenderable.h">
      <Filter>Include</Filter>
    </ClInclude>
    <ClInclude Include="Include\VayoRenderQueue.h">
      <Filter>Include</Filter>
    </ClInclude>
    <ClInclude Include="Include\VayoRenderSystem.h">
      <Filter>Include</Filter>
    </ClInclude>
    <ClInclude Include="Include\VayoRoot.h">
      <Filter>Include</Filter>
    </ClInclude>
    <ClInclude Include="Include\VayoSceneManager.h">
      <Filter>Include</Filter>
    </ClInclude>
    <ClInclude Include="Include\VayoSceneNode.h">
      <Filter>Include</Filter>
    </ClInclude>
    <ClInclude Include="Include\VayoScriptSystem.h">
      <Filter>Include</Filter>
    </ClInclude>
    <ClInclude Include="Include\VayoSharedPtr.h">
      <Filter>Include</Filter>
    </ClInclude>
    <ClInclude Include="Include\VayoSigslot.h">
      <Filter>Include</Filter>
    </ClInclude>
    <ClInclude Include="Include\VayoSingleton.h">
      <Filter>Include</Filter>
    </ClInclude>
    <ClInclude Include="Include\VayoSocket.h">
      <Filter>Include</Filter>
    </ClInclude>
    <ClInclude Include="Include\VayoSpriteBox.h">
      <Filter>Include</Filter>
    </ClInclude>
    <ClInclude Include="Include\VayoSupport.h">
      <Filter>Include</Filter>
    </ClInclude>
    <ClInclude Include="Include\VayoTable.h">
      <Filter>Include</Filter>
    </ClInclude>
    <ClInclude Include="Include\VayoTesselator.h">
      <Filter>Include</Filter>
    </ClInclude>
    <ClInclude Include="Include\VayoTessGridBuilder.h">
      <Filter>Include</Filter>
    </ClInclude>
    <ClInclude Include="Include\VayoTessGridHandler.h">
      <Filter>Include</Filter>
    </ClInclude>
    <ClInclude Include="Include\VayoTexture.h">
      <Filter>Include</Filter>
    </ClInclude>
    <ClInclude Include="Include\VayoTextureLayer.h">
      <Filter>Include</Filter>
    </ClInclude>
    <ClInclude Include="Include\VayoTextureManager.h">
      <Filter>Include</Filter>
    </ClInclude>
    <ClInclude Include="Include\VayoTiledMap.h">
      <Filter>Include</Filter>
    </ClInclude>
    <ClInclude Include="Include\VayoTimer.h">
      <Filter>Include</Filter>
    </ClInclude>
    <ClInclude Include="Include\VayoTriangle3d.h">
      <Filter>Include</Filter>
    </ClInclude>
    <ClInclude Include="Include\VayoUserDataBind.h">
      <Filter>Include</Filter>
    </ClInclude>
    <ClInclude Include="Include\VayoUtils.h">
      <Filter>Include</Filter>
    </ClInclude>
    <ClInclude Include="Include\VayoVector2d.h">
      <Filter>Include</Filter>
    </ClInclude>
    <ClInclude Include="Include\VayoVector3d.h">
      <Filter>Include</Filter>
    </ClInclude>
    <ClInclude Include="Include\VayoVertex.h">
      <Filter>Include</Filter>
    </ClInclude>
    <ClInclude Include="Source\VayoFontManager.h">
      <Filter>Source\Headers</Filter>
    </ClInclude>
    <ClInclude Include="Source\VayoWireBoundingBox.h">
      <Filter>Source\Headers</Filter>
    </ClInclude>
    <ClInclude Include="ThirdParty\rc5\rc5.h">
      <Filter>ThirdParty\rc5</Filter>
    </ClInclude>
    <ClInclude Include="ThirdParty\rc5\RC5.hpp">
      <Filter>ThirdParty\rc5</Filter>
    </ClInclude>
    <ClInclude Include="ThirdParty\rc5\rc5_locl.h">
      <Filter>ThirdParty\rc5</Filter>
    </ClInclude>
    <ClInclude Include="ThirdParty\stb_image\stb_image.h">
      <Filter>ThirdParty\stb_image</Filter>
    </ClInclude>
    <ClInclude Include="ThirdParty\stb_image\stb_image_write.h">
      <Filter>ThirdParty\stb_image</Filter>
    </ClInclude>
    <ClInclude Include="ThirdParty\zlib\crc32.h">
      <Filter>ThirdParty\zlib</Filter>
    </ClInclude>
    <ClInclude Include="ThirdParty\zlib\deflate.h">
      <Filter>ThirdParty\zlib</Filter>
    </ClInclude>
    <ClInclude Include="ThirdParty\zlib\gzguts.h">
      <Filter>ThirdParty\zlib</Filter>
    </ClInclude>
    <ClInclude Include="ThirdParty\zlib\inffast.h">
      <Filter>ThirdParty\zlib</Filter>
    </ClInclude>
    <ClInclude Include="ThirdParty\zlib\inffixed.h">
      <Filter>ThirdParty\zlib</Filter>
    </ClInclude>
    <ClInclude Include="ThirdParty\zlib\inflate.h">
      <Filter>ThirdParty\zlib</Filter>
    </ClInclude>
    <ClInclude Include="ThirdParty\zlib\inftrees.h">
      <Filter>ThirdParty\zlib</Filter>
    </ClInclude>
    <ClInclude Include="ThirdParty\zlib\trees.h">
      <Filter>ThirdParty\zlib</Filter>
    </ClInclude>
    <ClInclude Include="ThirdParty\zlib\zconf.h">
      <Filter>ThirdParty\zlib</Filter>
    </ClInclude>
    <ClInclude Include="ThirdParty\zlib\zlib.h">
      <Filter>ThirdParty\zlib</Filter>
    </ClInclude>
    <ClInclude Include="ThirdParty\zlib\zutil.h">
      <Filter>ThirdParty\zlib</Filter>
    </ClInclude>
    <ClInclude Include="Include\VayoTextObject.h">
      <Filter>Include</Filter>
    </ClInclude>
    <ClInclude Include="Include\VayoAttribSerializer.h">
      <Filter>Include</Filter>
    </ClInclude>
    <ClInclude Include="Include\tinyxml2\tinyxml2.h">
      <Filter>ThirdParty\tinyxml2</Filter>
    </ClInclude>
    <ClInclude Include="Include\VayoReflection.h">
      <Filter>Include</Filter>
    </ClInclude>
    <ClInclude Include="Include\VayoViewMemento.h">
      <Filter>Include</Filter>
    </ClInclude>
  </ItemGroup>
  <ItemGroup>
    <ClCompile Include="Source\VayoApp.cpp">
      <Filter>Source</Filter>
    </ClCompile>
    <ClCompile Include="Source\VayoArcball.cpp">
      <Filter>Source</Filter>
    </ClCompile>
    <ClCompile Include="Source\VayoBaseGUI.cpp">
      <Filter>Source</Filter>
    </ClCompile>
    <ClCompile Include="Source\VayoCamera.cpp">
      <Filter>Source</Filter>
    </ClCompile>
    <ClCompile Include="Source\VayoCollision.cpp">
      <Filter>Source</Filter>
    </ClCompile>
    <ClCompile Include="Source\VayoConfigManager.cpp">
      <Filter>Source</Filter>
    </ClCompile>
    <ClCompile Include="Source\VayoCoreGUI.cpp">
      <Filter>Source</Filter>
    </ClCompile>
    <ClCompile Include="Source\VayoDatabaseCSV.cpp">
      <Filter>Source</Filter>
    </ClCompile>
    <ClCompile Include="Source\VayoDevice.cpp">
      <Filter>Source</Filter>
    </ClCompile>
    <ClCompile Include="Source\VayoDynLib.cpp">
      <Filter>Source</Filter>
    </ClCompile>
    <ClCompile Include="Source\VayoDynLibManager.cpp">
      <Filter>Source</Filter>
    </ClCompile>
    <ClCompile Include="Source\VayoEntity.cpp">
      <Filter>Source</Filter>
    </ClCompile>
    <ClCompile Include="Source\VayoFileIO.cpp">
      <Filter>Source</Filter>
    </ClCompile>
    <ClCompile Include="Source\VayoFontManager.cpp">
      <Filter>Source</Filter>
    </ClCompile>
    <ClCompile Include="Source\VayoFrustum.cpp">
      <Filter>Source</Filter>
    </ClCompile>
    <ClCompile Include="Source\VayoImage.cpp">
      <Filter>Source</Filter>
    </ClCompile>
    <ClCompile Include="Source\VayoInput.cpp">
      <Filter>Source</Filter>
    </ClCompile>
    <ClCompile Include="Source\VayoLanguage.cpp">
      <Filter>Source</Filter>
    </ClCompile>
    <ClCompile Include="Source\VayoLight.cpp">
      <Filter>Source</Filter>
    </ClCompile>
    <ClCompile Include="Source\VayoLog.cpp">
      <Filter>Source</Filter>
    </ClCompile>
    <ClCompile Include="Source\VayoManualObject.cpp">
      <Filter>Source</Filter>
    </ClCompile>
    <ClCompile Include="Source\VayoMaterialManager.cpp">
      <Filter>Source</Filter>
    </ClCompile>
    <ClCompile Include="Source\VayoMesh.cpp">
      <Filter>Source</Filter>
    </ClCompile>
    <ClCompile Include="Source\VayoMeshManager.cpp">
      <Filter>Source</Filter>
    </ClCompile>
    <ClCompile Include="Source\VayoMovableObject.cpp">
      <Filter>Source</Filter>
    </ClCompile>
    <ClCompile Include="Source\VayoNode.cpp">
      <Filter>Source</Filter>
    </ClCompile>
    <ClCompile Include="Source\VayoNodeAnimator.cpp">
      <Filter>Source</Filter>
    </ClCompile>
    <ClCompile Include="Source\VayoRenderable.cpp">
      <Filter>Source</Filter>
    </ClCompile>
    <ClCompile Include="Source\VayoRenderQueue.cpp">
      <Filter>Source</Filter>
    </ClCompile>
    <ClCompile Include="Source\VayoRenderSystem.cpp">
      <Filter>Source</Filter>
    </ClCompile>
    <ClCompile Include="Source\VayoRoot.cpp">
      <Filter>Source</Filter>
    </ClCompile>
    <ClCompile Include="Source\VayoSceneManager.cpp">
      <Filter>Source</Filter>
    </ClCompile>
    <ClCompile Include="Source\VayoSceneNode.cpp">
      <Filter>Source</Filter>
    </ClCompile>
    <ClCompile Include="Source\VayoScriptSystem.cpp">
      <Filter>Source</Filter>
    </ClCompile>
    <ClCompile Include="Source\VayoSigslot.cpp">
      <Filter>Source</Filter>
    </ClCompile>
    <ClCompile Include="Source\VayoSocket.cpp">
      <Filter>Source</Filter>
    </ClCompile>
    <ClCompile Include="Source\VayoSpriteBox.cpp">
      <Filter>Source</Filter>
    </ClCompile>
    <ClCompile Include="Source\VayoTessGridBuilder.cpp">
      <Filter>Source</Filter>
    </ClCompile>
    <ClCompile Include="Source\VayoTessGridHandler.cpp">
      <Filter>Source</Filter>
    </ClCompile>
    <ClCompile Include="Source\VayoTextureManager.cpp">
      <Filter>Source</Filter>
    </ClCompile>
    <ClCompile Include="Source\VayoTiledMap.cpp">
      <Filter>Source</Filter>
    </ClCompile>
    <ClCompile Include="Source\VayoTimer.cpp">
      <Filter>Source</Filter>
    </ClCompile>
    <ClCompile Include="Source\VayoUserDataBind.cpp">
      <Filter>Source</Filter>
    </ClCompile>
    <ClCompile Include="Source\VayoUtils.cpp">
      <Filter>Source</Filter>
    </ClCompile>
    <ClCompile Include="ThirdParty\rc5\rc5_ecb.cpp">
      <Filter>ThirdParty\rc5</Filter>
    </ClCompile>
    <ClCompile Include="ThirdParty\rc5\rc5_enc.cpp">
      <Filter>ThirdParty\rc5</Filter>
    </ClCompile>
    <ClCompile Include="ThirdParty\rc5\rc5_skey.cpp">
      <Filter>ThirdParty\rc5</Filter>
    </ClCompile>
    <ClCompile Include="ThirdParty\stb_image\stb_image.cpp">
      <Filter>ThirdParty\stb_image</Filter>
    </ClCompile>
    <ClCompile Include="ThirdParty\stb_image\stb_image_write.cpp">
      <Filter>ThirdParty\stb_image</Filter>
    </ClCompile>
    <ClCompile Include="ThirdParty\zlib\adler32.c">
      <Filter>ThirdParty\zlib</Filter>
    </ClCompile>
    <ClCompile Include="ThirdParty\zlib\compress.c">
      <Filter>ThirdParty\zlib</Filter>
    </ClCompile>
    <ClCompile Include="ThirdParty\zlib\crc32.c">
      <Filter>ThirdParty\zlib</Filter>
    </ClCompile>
    <ClCompile Include="ThirdParty\zlib\deflate.c">
      <Filter>ThirdParty\zlib</Filter>
    </ClCompile>
    <ClCompile Include="ThirdParty\zlib\gzclose.c">
      <Filter>ThirdParty\zlib</Filter>
    </ClCompile>
    <ClCompile Include="ThirdParty\zlib\gzlib.c">
      <Filter>ThirdParty\zlib</Filter>
    </ClCompile>
    <ClCompile Include="ThirdParty\zlib\gzread.c">
      <Filter>ThirdParty\zlib</Filter>
    </ClCompile>
    <ClCompile Include="ThirdParty\zlib\gzwrite.c">
      <Filter>ThirdParty\zlib</Filter>
    </ClCompile>
    <ClCompile Include="ThirdParty\zlib\infback.c">
      <Filter>ThirdParty\zlib</Filter>
    </ClCompile>
    <ClCompile Include="ThirdParty\zlib\inffast.c">
      <Filter>ThirdParty\zlib</Filter>
    </ClCompile>
    <ClCompile Include="ThirdParty\zlib\inflate.c">
      <Filter>ThirdParty\zlib</Filter>
    </ClCompile>
    <ClCompile Include="ThirdParty\zlib\inftrees.c">
      <Filter>ThirdParty\zlib</Filter>
    </ClCompile>
    <ClCompile Include="ThirdParty\zlib\trees.c">
      <Filter>ThirdParty\zlib</Filter>
    </ClCompile>
    <ClCompile Include="ThirdParty\zlib\uncompr.c">
      <Filter>ThirdParty\zlib</Filter>
    </ClCompile>
    <ClCompile Include="ThirdParty\zlib\zutil.c">
      <Filter>ThirdParty\zlib</Filter>
    </ClCompile>
    <ClCompile Include="Source\VayoTextObject.cpp">
      <Filter>Source</Filter>
    </ClCompile>
    <ClCompile Include="ThirdParty\tinyxml2.cpp">
      <Filter>ThirdParty\tinyxml2</Filter>
    </ClCompile>
    <ClCompile Include="Source\VayoViewMemento.cpp">
      <Filter>Source</Filter>
    </ClCompile>
  </ItemGroup>
</Project>