<?xml version="1.0" encoding="utf-8"?>
<Project ToolsVersion="4.0" xmlns="http://schemas.microsoft.com/developer/msbuild/2003">
  <ItemGroup>
    <Filter Include="include">
      <UniqueIdentifier>{93995380-89BD-4b04-88EB-625FBE52EBFB}</UniqueIdentifier>
      <Extensions>h;hh;hpp;hxx;hm;inl;inc;xsd</Extensions>
    </Filter>
    <Filter Include="source">
      <UniqueIdentifier>{4FC737F1-C7A5-4376-A066-2A32D752A2FF}</UniqueIdentifier>
      <Extensions>cpp;c;cc;cxx;def;odl;idl;hpj;bat;asm;asmx</Extensions>
    </Filter>
    <Filter Include="tolua">
      <UniqueIdentifier>{b01fc4ef-e55a-420e-952b-af540cac3684}</UniqueIdentifier>
    </Filter>
  </ItemGroup>
  <ItemGroup>
    <ClInclude Include="include\VayoLuaSupport.h">
      <Filter>include</Filter>
    </ClInclude>
    <ClInclude Include="include\VayoLuaScriptStack.h">
      <Filter>include</Filter>
    </ClInclude>
    <ClInclude Include="include\VayoLuaPlugin.h">
      <Filter>include</Filter>
    </ClInclude>
    <ClInclude Include="include\VayoLuaScriptSystem.h">
      <Filter>include</Filter>
    </ClInclude>
    <ClInclude Include="tolua\tolua.h">
      <Filter>tolua</Filter>
    </ClInclude>
    <ClInclude Include="tolua\tolua_event.h">
      <Filter>tolua</Filter>
    </ClInclude>
  </ItemGroup>
  <ItemGroup>
    <ClCompile Include="source\VayoLuaScriptStack.cpp">
      <Filter>source</Filter>
    </ClCompile>
    <ClCompile Include="source\VayoLuaDll.cpp">
      <Filter>source</Filter>
    </ClCompile>
    <ClCompile Include="source\VayoLuaPlugin.cpp">
      <Filter>source</Filter>
    </ClCompile>
    <ClCompile Include="source\VayoLuaScriptSystem.cpp">
      <Filter>source</Filter>
    </ClCompile>
    <ClCompile Include="tolua\tolua_event.c">
      <Filter>tolua</Filter>
    </ClCompile>
    <ClCompile Include="tolua\tolua_is.c">
      <Filter>tolua</Filter>
    </ClCompile>
    <ClCompile Include="tolua\tolua_map.c">
      <Filter>tolua</Filter>
    </ClCompile>
    <ClCompile Include="tolua\tolua_push.c">
      <Filter>tolua</Filter>
    </ClCompile>
    <ClCompile Include="tolua\tolua_to.c">
      <Filter>tolua</Filter>
    </ClCompile>
  </ItemGroup>
</Project>