<?xml version="1.0" encoding="utf-8"?>
<Project ToolsVersion="4.0" xmlns="http://schemas.microsoft.com/developer/msbuild/2003">
  <ItemGroup>
    <Filter Include="inc">
      <UniqueIdentifier>{93995380-89BD-4b04-88EB-625FBE52EBFB}</UniqueIdentifier>
      <Extensions>h;hh;hpp;hxx;hm;inl;inc;xsd</Extensions>
    </Filter>
    <Filter Include="src">
      <UniqueIdentifier>{4FC737F1-C7A5-4376-A066-2A32D752A2FF}</UniqueIdentifier>
      <Extensions>cpp;c;cc;cxx;def;odl;idl;hpj;bat;asm;asmx</Extensions>
    </Filter>
    <Filter Include="src\headers">
      <UniqueIdentifier>{68085d91-98ae-46e3-b3d3-fadadf1336f6}</UniqueIdentifier>
    </Filter>
  </ItemGroup>
  <ItemGroup>
    <ClInclude Include="inc\VayoAny.h">
      <Filter>inc</Filter>
    </ClInclude>
    <ClInclude Include="inc\VayoAttribSerializer.h">
      <Filter>inc</Filter>
    </ClInclude>
    <ClInclude Include="inc\VayoBitState.h">
      <Filter>inc</Filter>
    </ClInclude>
    <ClInclude Include="inc\VayoConfigManager.h">
      <Filter>inc</Filter>
    </ClInclude>
    <ClInclude Include="inc\VayoDatabaseCSV.h">
      <Filter>inc</Filter>
    </ClInclude>
    <ClInclude Include="inc\VayoDynLib.h">
      <Filter>inc</Filter>
    </ClInclude>
    <ClInclude Include="inc\VayoDynLibManager.h">
      <Filter>inc</Filter>
    </ClInclude>
    <ClInclude Include="inc\VayoFileIO.h">
      <Filter>inc</Filter>
    </ClInclude>
    <ClInclude Include="inc\VayoInput.h">
      <Filter>inc</Filter>
    </ClInclude>
    <ClInclude Include="inc\VayoLanguage.h">
      <Filter>inc</Filter>
    </ClInclude>
    <ClInclude Include="inc\VayoLog.h">
      <Filter>inc</Filter>
    </ClInclude>
    <ClInclude Include="inc\VayoPlugin.h">
      <Filter>inc</Filter>
    </ClInclude>
    <ClInclude Include="inc\VayoReflection.h">
      <Filter>inc</Filter>
    </ClInclude>
    <ClInclude Include="inc\VayoScriptSystem.h">
      <Filter>inc</Filter>
    </ClInclude>
    <ClInclude Include="inc\VayoSharedPtr.h">
      <Filter>inc</Filter>
    </ClInclude>
    <ClInclude Include="inc\VayoSigslot.h">
      <Filter>inc</Filter>
    </ClInclude>
    <ClInclude Include="inc\VayoSingleton.h">
      <Filter>inc</Filter>
    </ClInclude>
    <ClInclude Include="inc\VayoSocket.h">
      <Filter>inc</Filter>
    </ClInclude>
    <ClInclude Include="inc\VayoTable.h">
      <Filter>inc</Filter>
    </ClInclude>
    <ClInclude Include="inc\VayoTimer.h">
      <Filter>inc</Filter>
    </ClInclude>
    <ClInclude Include="inc\VayoUserDataBind.h">
      <Filter>inc</Filter>
    </ClInclude>
    <ClInclude Include="inc\VayoUtils.h">
      <Filter>inc</Filter>
    </ClInclude>
    <ClInclude Include="inc\Vayo.h">
      <Filter>inc</Filter>
    </ClInclude>
    <ClInclude Include="inc\VayoCommon.h">
      <Filter>inc</Filter>
    </ClInclude>
    <ClInclude Include="inc\VayoSupport.h">
      <Filter>inc</Filter>
    </ClInclude>
    <ClInclude Include="inc\VayoPluginSystem.h">
      <Filter>inc</Filter>
    </ClInclude>
    <ClInclude Include="inc\VayoCore.h">
      <Filter>inc</Filter>
    </ClInclude>
    <ClInclude Include="inc\VayoDevice.h">
      <Filter>inc</Filter>
    </ClInclude>
    <ClInclude Include="src\VayoWin32Device.h">
      <Filter>src\headers</Filter>
    </ClInclude>
    <ClInclude Include="inc\VayoApp.h">
      <Filter>inc</Filter>
    </ClInclude>
    <ClInclude Include="inc\VayoFrameListener.h">
      <Filter>inc</Filter>
    </ClInclude>
    <ClInclude Include="inc\VayoAabbox3d.h">
      <Filter>inc</Filter>
    </ClInclude>
    <ClInclude Include="inc\VayoDimension2d.h">
      <Filter>inc</Filter>
    </ClInclude>
    <ClInclude Include="inc\VayoLine2d.h">
      <Filter>inc</Filter>
    </ClInclude>
    <ClInclude Include="inc\VayoLine3d.h">
      <Filter>inc</Filter>
    </ClInclude>
    <ClInclude Include="inc\VayoMath.h">
      <Filter>inc</Filter>
    </ClInclude>
    <ClInclude Include="inc\VayoMatrix3x3.h">
      <Filter>inc</Filter>
    </ClInclude>
    <ClInclude Include="inc\VayoMatrix4x4.h">
      <Filter>inc</Filter>
    </ClInclude>
    <ClInclude Include="inc\VayoPlane3d.h">
      <Filter>inc</Filter>
    </ClInclude>
    <ClInclude Include="inc\VayoQuaternion.h">
      <Filter>inc</Filter>
    </ClInclude>
    <ClInclude Include="inc\VayoRectangle.h">
      <Filter>inc</Filter>
    </ClInclude>
    <ClInclude Include="inc\VayoTriangle3d.h">
      <Filter>inc</Filter>
    </ClInclude>
    <ClInclude Include="inc\VayoVector2d.h">
      <Filter>inc</Filter>
    </ClInclude>
    <ClInclude Include="inc\VayoVector3d.h">
      <Filter>inc</Filter>
    </ClInclude>
  </ItemGroup>
  <ItemGroup>
    <ClCompile Include="src\VayoConfigManager.cpp">
      <Filter>src</Filter>
    </ClCompile>
    <ClCompile Include="src\VayoDatabaseCSV.cpp">
      <Filter>src</Filter>
    </ClCompile>
    <ClCompile Include="src\VayoDynLib.cpp">
      <Filter>src</Filter>
    </ClCompile>
    <ClCompile Include="src\VayoDynLibManager.cpp">
      <Filter>src</Filter>
    </ClCompile>
    <ClCompile Include="src\VayoFileIO.cpp">
      <Filter>src</Filter>
    </ClCompile>
    <ClCompile Include="src\VayoInput.cpp">
      <Filter>src</Filter>
    </ClCompile>
    <ClCompile Include="src\VayoLanguage.cpp">
      <Filter>src</Filter>
    </ClCompile>
    <ClCompile Include="src\VayoLog.cpp">
      <Filter>src</Filter>
    </ClCompile>
    <ClCompile Include="src\VayoScriptSystem.cpp">
      <Filter>src</Filter>
    </ClCompile>
    <ClCompile Include="src\VayoSigslot.cpp">
      <Filter>src</Filter>
    </ClCompile>
    <ClCompile Include="src\VayoSocket.cpp">
      <Filter>src</Filter>
    </ClCompile>
    <ClCompile Include="src\VayoTimer.cpp">
      <Filter>src</Filter>
    </ClCompile>
    <ClCompile Include="src\VayoUserDataBind.cpp">
      <Filter>src</Filter>
    </ClCompile>
    <ClCompile Include="src\VayoUtils.cpp">
      <Filter>src</Filter>
    </ClCompile>
    <ClCompile Include="src\VayoPluginSystem.cpp">
      <Filter>src</Filter>
    </ClCompile>
    <ClCompile Include="src\VayoCore.cpp">
      <Filter>src</Filter>
    </ClCompile>
    <ClCompile Include="src\VayoDevice.cpp">
      <Filter>src</Filter>
    </ClCompile>
    <ClCompile Include="src\VayoWin32Device.cpp">
      <Filter>src</Filter>
    </ClCompile>
  </ItemGroup>
</Project>