<?xml version="1.0" encoding="utf-8"?>
<Project ToolsVersion="4.0" xmlns="http://schemas.microsoft.com/developer/msbuild/2003">
  <ItemGroup>
    <Filter Include="inc">
      <UniqueIdentifier>{93995380-89BD-4b04-88EB-625FBE52EBFB}</UniqueIdentifier>
      <Extensions>h;hh;hpp;hxx;hm;inl;inc;xsd</Extensions>
    </Filter>
    <Filter Include="src">
      <UniqueIdentifier>{4FC737F1-C7A5-4376-A066-2A32D752A2FF}</UniqueIdentifier>
      <Extensions>cpp;c;cc;cxx;def;odl;idl;hpj;bat;asm;asmx</Extensions>
    </Filter>
    <Filter Include="src\headers">
      <UniqueIdentifier>{a20fd65f-2fb0-4c01-add1-79db50baac9d}</UniqueIdentifier>
    </Filter>
  </ItemGroup>
  <ItemGroup>
    <ClInclude Include="inc\Vayo3d.h">
      <Filter>inc</Filter>
    </ClInclude>
    <ClInclude Include="inc\Vayo3dApp.h">
      <Filter>inc</Filter>
    </ClInclude>
    <ClInclude Include="inc\Vayo3dArcball.h">
      <Filter>inc</Filter>
    </ClInclude>
    <ClInclude Include="inc\Vayo3dBaseGUI.h">
      <Filter>inc</Filter>
    </ClInclude>
    <ClInclude Include="inc\Vayo3dCamera.h">
      <Filter>inc</Filter>
    </ClInclude>
    <ClInclude Include="inc\Vayo3dCollision.h">
      <Filter>inc</Filter>
    </ClInclude>
    <ClInclude Include="inc\Vayo3dColour.h">
      <Filter>inc</Filter>
    </ClInclude>
    <ClInclude Include="inc\Vayo3dCoreGUI.h">
      <Filter>inc</Filter>
    </ClInclude>
    <ClInclude Include="inc\Vayo3dDisplayList.h">
      <Filter>inc</Filter>
    </ClInclude>
    <ClInclude Include="inc\Vayo3dEntity.h">
      <Filter>inc</Filter>
    </ClInclude>
    <ClInclude Include="inc\Vayo3dFrustum.h">
      <Filter>inc</Filter>
    </ClInclude>
    <ClInclude Include="inc\Vayo3dImage.h">
      <Filter>inc</Filter>
    </ClInclude>
    <ClInclude Include="inc\Vayo3dLight.h">
      <Filter>inc</Filter>
    </ClInclude>
    <ClInclude Include="inc\Vayo3dLightData.h">
      <Filter>inc</Filter>
    </ClInclude>
    <ClInclude Include="inc\Vayo3dManualObject.h">
      <Filter>inc</Filter>
    </ClInclude>
    <ClInclude Include="inc\Vayo3dMaterial.h">
      <Filter>inc</Filter>
    </ClInclude>
    <ClInclude Include="inc\Vayo3dMaterialManager.h">
      <Filter>inc</Filter>
    </ClInclude>
    <ClInclude Include="inc\Vayo3dMaterialRenderer.h">
      <Filter>inc</Filter>
    </ClInclude>
    <ClInclude Include="inc\Vayo3dMesh.h">
      <Filter>inc</Filter>
    </ClInclude>
    <ClInclude Include="inc\Vayo3dMeshManager.h">
      <Filter>inc</Filter>
    </ClInclude>
    <ClInclude Include="inc\Vayo3dMovableObject.h">
      <Filter>inc</Filter>
    </ClInclude>
    <ClInclude Include="inc\Vayo3dNode.h">
      <Filter>inc</Filter>
    </ClInclude>
    <ClInclude Include="inc\Vayo3dNodeAnimator.h">
      <Filter>inc</Filter>
    </ClInclude>
    <ClInclude Include="inc\Vayo3dRenderable.h">
      <Filter>inc</Filter>
    </ClInclude>
    <ClInclude Include="inc\Vayo3dRenderQueue.h">
      <Filter>inc</Filter>
    </ClInclude>
    <ClInclude Include="inc\Vayo3dRenderSystem.h">
      <Filter>inc</Filter>
    </ClInclude>
    <ClInclude Include="inc\Vayo3dRoot.h">
      <Filter>inc</Filter>
    </ClInclude>
    <ClInclude Include="inc\Vayo3dSceneManager.h">
      <Filter>inc</Filter>
    </ClInclude>
    <ClInclude Include="inc\Vayo3dSceneNode.h">
      <Filter>inc</Filter>
    </ClInclude>
    <ClInclude Include="inc\Vayo3dSpriteBox.h">
      <Filter>inc</Filter>
    </ClInclude>
    <ClInclude Include="inc\Vayo3dSupport.h">
      <Filter>inc</Filter>
    </ClInclude>
    <ClInclude Include="inc\Vayo3dTesselator.h">
      <Filter>inc</Filter>
    </ClInclude>
    <ClInclude Include="inc\Vayo3dTessGridBuilder.h">
      <Filter>inc</Filter>
    </ClInclude>
    <ClInclude Include="inc\Vayo3dTessGridHandler.h">
      <Filter>inc</Filter>
    </ClInclude>
    <ClInclude Include="inc\Vayo3dTextObject.h">
      <Filter>inc</Filter>
    </ClInclude>
    <ClInclude Include="inc\Vayo3dTexture.h">
      <Filter>inc</Filter>
    </ClInclude>
    <ClInclude Include="inc\Vayo3dTextureLayer.h">
      <Filter>inc</Filter>
    </ClInclude>
    <ClInclude Include="inc\Vayo3dTextureManager.h">
      <Filter>inc</Filter>
    </ClInclude>
    <ClInclude Include="inc\Vayo3dTiledMap.h">
      <Filter>inc</Filter>
    </ClInclude>
    <ClInclude Include="inc\Vayo3dVertex.h">
      <Filter>inc</Filter>
    </ClInclude>
    <ClInclude Include="inc\Vayo3dViewMemento.h">
      <Filter>inc</Filter>
    </ClInclude>
    <ClInclude Include="src\Vayo3dWireBoundingBox.h">
      <Filter>src\headers</Filter>
    </ClInclude>
    <ClInclude Include="src\Vayo3dTessGridParser.h">
      <Filter>src\headers</Filter>
    </ClInclude>
    <ClInclude Include="src\Vayo3dFontManager.h">
      <Filter>src\headers</Filter>
    </ClInclude>
  </ItemGroup>
  <ItemGroup>
    <ClCompile Include="src\Vayo3dApp.cpp">
      <Filter>src</Filter>
    </ClCompile>
    <ClCompile Include="src\Vayo3dArcball.cpp">
      <Filter>src</Filter>
    </ClCompile>
    <ClCompile Include="src\Vayo3dBaseGUI.cpp">
      <Filter>src</Filter>
    </ClCompile>
    <ClCompile Include="src\Vayo3dCamera.cpp">
      <Filter>src</Filter>
    </ClCompile>
    <ClCompile Include="src\Vayo3dCollision.cpp">
      <Filter>src</Filter>
    </ClCompile>
    <ClCompile Include="src\Vayo3dCoreGUI.cpp">
      <Filter>src</Filter>
    </ClCompile>
    <ClCompile Include="src\Vayo3dEntity.cpp">
      <Filter>src</Filter>
    </ClCompile>
    <ClCompile Include="src\Vayo3dFontManager.cpp">
      <Filter>src</Filter>
    </ClCompile>
    <ClCompile Include="src\Vayo3dFrustum.cpp">
      <Filter>src</Filter>
    </ClCompile>
    <ClCompile Include="src\Vayo3dImage.cpp">
      <Filter>src</Filter>
    </ClCompile>
    <ClCompile Include="src\Vayo3dLight.cpp">
      <Filter>src</Filter>
    </ClCompile>
    <ClCompile Include="src\Vayo3dManualObject.cpp">
      <Filter>src</Filter>
    </ClCompile>
    <ClCompile Include="src\Vayo3dMaterialManager.cpp">
      <Filter>src</Filter>
    </ClCompile>
    <ClCompile Include="src\Vayo3dMesh.cpp">
      <Filter>src</Filter>
    </ClCompile>
    <ClCompile Include="src\Vayo3dMeshManager.cpp">
      <Filter>src</Filter>
    </ClCompile>
    <ClCompile Include="src\Vayo3dMovableObject.cpp">
      <Filter>src</Filter>
    </ClCompile>
    <ClCompile Include="src\Vayo3dNode.cpp">
      <Filter>src</Filter>
    </ClCompile>
    <ClCompile Include="src\Vayo3dNodeAnimator.cpp">
      <Filter>src</Filter>
    </ClCompile>
    <ClCompile Include="src\Vayo3dRenderable.cpp">
      <Filter>src</Filter>
    </ClCompile>
    <ClCompile Include="src\Vayo3dRenderQueue.cpp">
      <Filter>src</Filter>
    </ClCompile>
    <ClCompile Include="src\Vayo3dRenderSystem.cpp">
      <Filter>src</Filter>
    </ClCompile>
    <ClCompile Include="src\Vayo3dRoot.cpp">
      <Filter>src</Filter>
    </ClCompile>
    <ClCompile Include="src\Vayo3dSceneManager.cpp">
      <Filter>src</Filter>
    </ClCompile>
    <ClCompile Include="src\Vayo3dSceneNode.cpp">
      <Filter>src</Filter>
    </ClCompile>
    <ClCompile Include="src\Vayo3dSpriteBox.cpp">
      <Filter>src</Filter>
    </ClCompile>
    <ClCompile Include="src\Vayo3dTessGridBuilder.cpp">
      <Filter>src</Filter>
    </ClCompile>
    <ClCompile Include="src\Vayo3dTessGridHandler.cpp">
      <Filter>src</Filter>
    </ClCompile>
    <ClCompile Include="src\Vayo3dTessGridParser.cpp">
      <Filter>src</Filter>
    </ClCompile>
    <ClCompile Include="src\Vayo3dTextObject.cpp">
      <Filter>src</Filter>
    </ClCompile>
    <ClCompile Include="src\Vayo3dTextureManager.cpp">
      <Filter>src</Filter>
    </ClCompile>
    <ClCompile Include="src\Vayo3dTiledMap.cpp">
      <Filter>src</Filter>
    </ClCompile>
    <ClCompile Include="src\Vayo3dViewMemento.cpp">
      <Filter>src</Filter>
    </ClCompile>
  </ItemGroup>
</Project>