<?xml version="1.0" encoding="utf-8"?>
<Project ToolsVersion="4.0" xmlns="http://schemas.microsoft.com/developer/msbuild/2003">
  <ItemGroup>
    <Filter Include="include">
      <UniqueIdentifier>{93995380-89BD-4b04-88EB-625FBE52EBFB}</UniqueIdentifier>
      <Extensions>h;hh;hpp;hxx;hm;inl;inc;xsd</Extensions>
    </Filter>
    <Filter Include="source">
      <UniqueIdentifier>{4FC737F1-C7A5-4376-A066-2A32D752A2FF}</UniqueIdentifier>
      <Extensions>cpp;c;cc;cxx;def;odl;idl;hpj;bat;asm;asmx</Extensions>
    </Filter>
    <Filter Include="thirdparty">
      <UniqueIdentifier>{2e2643e7-499c-4a15-a474-0ec45764347e}</UniqueIdentifier>
    </Filter>
    <Filter Include="thirdparty\rc5">
      <UniqueIdentifier>{03ac9f9d-2b61-4a34-a13b-a0d26a1a8807}</UniqueIdentifier>
    </Filter>
    <Filter Include="thirdparty\tinyxml2">
      <UniqueIdentifier>{cace3c7e-e03e-4ae0-87ff-2fe475aa9cd6}</UniqueIdentifier>
    </Filter>
    <Filter Include="thirdparty\zlib">
      <UniqueIdentifier>{309f4472-9ab0-4c09-b393-1f83be0f770d}</UniqueIdentifier>
    </Filter>
    <Filter Include="thirdparty\stb_image">
      <UniqueIdentifier>{1876f59d-ced8-4553-8770-5994be6120f1}</UniqueIdentifier>
    </Filter>
    <Filter Include="source\headers">
      <UniqueIdentifier>{a20fd65f-2fb0-4c01-add1-79db50baac9d}</UniqueIdentifier>
    </Filter>
  </ItemGroup>
  <ItemGroup>
    <ClCompile Include="..\ThirdParty\tinyxml2\tinyxml2.cpp">
      <Filter>thirdparty\tinyxml2</Filter>
    </ClCompile>
    <ClCompile Include="..\ThirdParty\rc5\rc5_ecb.cpp">
      <Filter>thirdparty\rc5</Filter>
    </ClCompile>
    <ClCompile Include="..\ThirdParty\rc5\rc5_enc.cpp">
      <Filter>thirdparty\rc5</Filter>
    </ClCompile>
    <ClCompile Include="..\ThirdParty\rc5\rc5_skey.cpp">
      <Filter>thirdparty\rc5</Filter>
    </ClCompile>
    <ClCompile Include="..\ThirdParty\zlib\adler32.c">
      <Filter>thirdparty\zlib</Filter>
    </ClCompile>
    <ClCompile Include="..\ThirdParty\zlib\compress.c">
      <Filter>thirdparty\zlib</Filter>
    </ClCompile>
    <ClCompile Include="..\ThirdParty\zlib\crc32.c">
      <Filter>thirdparty\zlib</Filter>
    </ClCompile>
    <ClCompile Include="..\ThirdParty\zlib\deflate.c">
      <Filter>thirdparty\zlib</Filter>
    </ClCompile>
    <ClCompile Include="..\ThirdParty\zlib\gzclose.c">
      <Filter>thirdparty\zlib</Filter>
    </ClCompile>
    <ClCompile Include="..\ThirdParty\zlib\gzlib.c">
      <Filter>thirdparty\zlib</Filter>
    </ClCompile>
    <ClCompile Include="..\ThirdParty\zlib\gzread.c">
      <Filter>thirdparty\zlib</Filter>
    </ClCompile>
    <ClCompile Include="..\ThirdParty\zlib\gzwrite.c">
      <Filter>thirdparty\zlib</Filter>
    </ClCompile>
    <ClCompile Include="..\ThirdParty\zlib\infback.c">
      <Filter>thirdparty\zlib</Filter>
    </ClCompile>
    <ClCompile Include="..\ThirdParty\zlib\inffast.c">
      <Filter>thirdparty\zlib</Filter>
    </ClCompile>
    <ClCompile Include="..\ThirdParty\zlib\inflate.c">
      <Filter>thirdparty\zlib</Filter>
    </ClCompile>
    <ClCompile Include="..\ThirdParty\zlib\inftrees.c">
      <Filter>thirdparty\zlib</Filter>
    </ClCompile>
    <ClCompile Include="..\ThirdParty\zlib\trees.c">
      <Filter>thirdparty\zlib</Filter>
    </ClCompile>
    <ClCompile Include="..\ThirdParty\zlib\uncompr.c">
      <Filter>thirdparty\zlib</Filter>
    </ClCompile>
    <ClCompile Include="..\ThirdParty\zlib\zutil.c">
      <Filter>thirdparty\zlib</Filter>
    </ClCompile>
    <ClCompile Include="..\source\VayoApp.cpp">
      <Filter>source</Filter>
    </ClCompile>
    <ClCompile Include="..\source\VayoArcball.cpp">
      <Filter>source</Filter>
    </ClCompile>
    <ClCompile Include="..\source\VayoCamera.cpp">
      <Filter>source</Filter>
    </ClCompile>
    <ClCompile Include="..\source\VayoConfigManager.cpp">
      <Filter>source</Filter>
    </ClCompile>
    <ClCompile Include="..\source\VayoDynLib.cpp">
      <Filter>source</Filter>
    </ClCompile>
    <ClCompile Include="..\source\VayoDynLibManager.cpp">
      <Filter>source</Filter>
    </ClCompile>
    <ClCompile Include="..\source\VayoEntity.cpp">
      <Filter>source</Filter>
    </ClCompile>
    <ClCompile Include="..\source\VayoFileIO.cpp">
      <Filter>source</Filter>
    </ClCompile>
    <ClCompile Include="..\source\VayoFrustum.cpp">
      <Filter>source</Filter>
    </ClCompile>
    <ClCompile Include="..\source\VayoImage.cpp">
      <Filter>source</Filter>
    </ClCompile>
    <ClCompile Include="..\source\VayoInput.cpp">
      <Filter>source</Filter>
    </ClCompile>
    <ClCompile Include="..\source\VayoLanguage.cpp">
      <Filter>source</Filter>
    </ClCompile>
    <ClCompile Include="..\source\VayoLight.cpp">
      <Filter>source</Filter>
    </ClCompile>
    <ClCompile Include="..\source\VayoLog.cpp">
      <Filter>source</Filter>
    </ClCompile>
    <ClCompile Include="..\source\VayoManualObject.cpp">
      <Filter>source</Filter>
    </ClCompile>
    <ClCompile Include="..\source\VayoMaterialManager.cpp">
      <Filter>source</Filter>
    </ClCompile>
    <ClCompile Include="..\source\VayoMesh.cpp">
      <Filter>source</Filter>
    </ClCompile>
    <ClCompile Include="..\source\VayoMeshManager.cpp">
      <Filter>source</Filter>
    </ClCompile>
    <ClCompile Include="..\source\VayoMovableObject.cpp">
      <Filter>source</Filter>
    </ClCompile>
    <ClCompile Include="..\source\VayoNode.cpp">
      <Filter>source</Filter>
    </ClCompile>
    <ClCompile Include="..\source\VayoRenderable.cpp">
      <Filter>source</Filter>
    </ClCompile>
    <ClCompile Include="..\source\VayoRenderSystem.cpp">
      <Filter>source</Filter>
    </ClCompile>
    <ClCompile Include="..\source\VayoRoot.cpp">
      <Filter>source</Filter>
    </ClCompile>
    <ClCompile Include="..\source\VayoSceneManager.cpp">
      <Filter>source</Filter>
    </ClCompile>
    <ClCompile Include="..\source\VayoSceneNode.cpp">
      <Filter>source</Filter>
    </ClCompile>
    <ClCompile Include="..\source\VayoSocket.cpp">
      <Filter>source</Filter>
    </ClCompile>
    <ClCompile Include="..\source\VayoSpriteBox.cpp">
      <Filter>source</Filter>
    </ClCompile>
    <ClCompile Include="..\source\VayoTessGridBuilder.cpp">
      <Filter>source</Filter>
    </ClCompile>
    <ClCompile Include="..\source\VayoTextureManager.cpp">
      <Filter>source</Filter>
    </ClCompile>
    <ClCompile Include="..\source\VayoTiledMap.cpp">
      <Filter>source</Filter>
    </ClCompile>
    <ClCompile Include="..\source\VayoTimer.cpp">
      <Filter>source</Filter>
    </ClCompile>
    <ClCompile Include="..\source\VayoUtils.cpp">
      <Filter>source</Filter>
    </ClCompile>
    <ClCompile Include="..\source\VayoFontManager.cpp">
      <Filter>source</Filter>
    </ClCompile>
    <ClCompile Include="..\source\VayoWin32Device.cpp">
      <Filter>source</Filter>
    </ClCompile>
    <ClCompile Include="..\thirdparty\stb_image\stb_image.cpp">
      <Filter>thirdparty\stb_image</Filter>
    </ClCompile>
    <ClCompile Include="..\thirdparty\stb_image\stb_image_write.cpp">
      <Filter>thirdparty\stb_image</Filter>
    </ClCompile>
    <ClCompile Include="..\source\VayoDevice.cpp">
      <Filter>source</Filter>
    </ClCompile>
    <ClCompile Include="..\source\VayoUserDataBind.cpp">
      <Filter>source</Filter>
    </ClCompile>
    <ClCompile Include="..\source\VayoBaseGUI.cpp">
      <Filter>source</Filter>
    </ClCompile>
    <ClCompile Include="..\source\VayoCoreGUI.cpp">
      <Filter>source</Filter>
    </ClCompile>
    <ClCompile Include="..\source\VayoDatabaseCSV.cpp">
      <Filter>source</Filter>
    </ClCompile>
    <ClCompile Include="..\source\VayoSigslot.cpp">
      <Filter>source</Filter>
    </ClCompile>
    <ClCompile Include="..\source\VayoRenderQueue.cpp">
      <Filter>source</Filter>
    </ClCompile>
    <ClCompile Include="..\source\VayoTessGridHandler.cpp">
      <Filter>source</Filter>
    </ClCompile>
    <ClCompile Include="..\source\VayoScriptSystem.cpp">
      <Filter>source</Filter>
    </ClCompile>
    <ClCompile Include="..\source\VayoNodeAnimator.cpp">
      <Filter>source</Filter>
    </ClCompile>
    <ClCompile Include="..\source\VayoCollision.cpp">
      <Filter>source</Filter>
    </ClCompile>
  </ItemGroup>
  <ItemGroup>
    <ClInclude Include="..\ThirdParty\tinyxml2\tinyxml2.h">
      <Filter>thirdparty\tinyxml2</Filter>
    </ClInclude>
    <ClInclude Include="..\ThirdParty\rc5\rc5.h">
      <Filter>thirdparty\rc5</Filter>
    </ClInclude>
    <ClInclude Include="..\ThirdParty\rc5\RC5.hpp">
      <Filter>thirdparty\rc5</Filter>
    </ClInclude>
    <ClInclude Include="..\ThirdParty\rc5\rc5_locl.h">
      <Filter>thirdparty\rc5</Filter>
    </ClInclude>
    <ClInclude Include="..\ThirdParty\zlib\crc32.h">
      <Filter>thirdparty\zlib</Filter>
    </ClInclude>
    <ClInclude Include="..\ThirdParty\zlib\deflate.h">
      <Filter>thirdparty\zlib</Filter>
    </ClInclude>
    <ClInclude Include="..\ThirdParty\zlib\gzguts.h">
      <Filter>thirdparty\zlib</Filter>
    </ClInclude>
    <ClInclude Include="..\ThirdParty\zlib\inffast.h">
      <Filter>thirdparty\zlib</Filter>
    </ClInclude>
    <ClInclude Include="..\ThirdParty\zlib\inffixed.h">
      <Filter>thirdparty\zlib</Filter>
    </ClInclude>
    <ClInclude Include="..\ThirdParty\zlib\inflate.h">
      <Filter>thirdparty\zlib</Filter>
    </ClInclude>
    <ClInclude Include="..\ThirdParty\zlib\inftrees.h">
      <Filter>thirdparty\zlib</Filter>
    </ClInclude>
    <ClInclude Include="..\ThirdParty\zlib\trees.h">
      <Filter>thirdparty\zlib</Filter>
    </ClInclude>
    <ClInclude Include="..\ThirdParty\zlib\zconf.h">
      <Filter>thirdparty\zlib</Filter>
    </ClInclude>
    <ClInclude Include="..\ThirdParty\zlib\zlib.h">
      <Filter>thirdparty\zlib</Filter>
    </ClInclude>
    <ClInclude Include="..\ThirdParty\zlib\zutil.h">
      <Filter>thirdparty\zlib</Filter>
    </ClInclude>
    <ClInclude Include="..\include\Vayo.h">
      <Filter>include</Filter>
    </ClInclude>
    <ClInclude Include="..\include\VayoAabbox3d.h">
      <Filter>include</Filter>
    </ClInclude>
    <ClInclude Include="..\include\VayoApp.h">
      <Filter>include</Filter>
    </ClInclude>
    <ClInclude Include="..\include\VayoArcball.h">
      <Filter>include</Filter>
    </ClInclude>
    <ClInclude Include="..\include\VayoBitState.h">
      <Filter>include</Filter>
    </ClInclude>
    <ClInclude Include="..\include\VayoCamera.h">
      <Filter>include</Filter>
    </ClInclude>
    <ClInclude Include="..\include\VayoColour.h">
      <Filter>include</Filter>
    </ClInclude>
    <ClInclude Include="..\include\VayoCommon.h">
      <Filter>include</Filter>
    </ClInclude>
    <ClInclude Include="..\include\VayoConfigManager.h">
      <Filter>include</Filter>
    </ClInclude>
    <ClInclude Include="..\include\VayoDevice.h">
      <Filter>include</Filter>
    </ClInclude>
    <ClInclude Include="..\include\VayoDimension2d.h">
      <Filter>include</Filter>
    </ClInclude>
    <ClInclude Include="..\include\VayoDynLib.h">
      <Filter>include</Filter>
    </ClInclude>
    <ClInclude Include="..\include\VayoDynLibManager.h">
      <Filter>include</Filter>
    </ClInclude>
    <ClInclude Include="..\include\VayoEntity.h">
      <Filter>include</Filter>
    </ClInclude>
    <ClInclude Include="..\include\VayoFileIO.h">
      <Filter>include</Filter>
    </ClInclude>
    <ClInclude Include="..\include\VayoFrustum.h">
      <Filter>include</Filter>
    </ClInclude>
    <ClInclude Include="..\include\VayoImage.h">
      <Filter>include</Filter>
    </ClInclude>
    <ClInclude Include="..\include\VayoInput.h">
      <Filter>include</Filter>
    </ClInclude>
    <ClInclude Include="..\include\VayoLanguage.h">
      <Filter>include</Filter>
    </ClInclude>
    <ClInclude Include="..\include\VayoLight.h">
      <Filter>include</Filter>
    </ClInclude>
    <ClInclude Include="..\include\VayoLightData.h">
      <Filter>include</Filter>
    </ClInclude>
    <ClInclude Include="..\include\VayoLine3d.h">
      <Filter>include</Filter>
    </ClInclude>
    <ClInclude Include="..\include\VayoLog.h">
      <Filter>include</Filter>
    </ClInclude>
    <ClInclude Include="..\include\VayoManualObject.h">
      <Filter>include</Filter>
    </ClInclude>
    <ClInclude Include="..\include\VayoMaterial.h">
      <Filter>include</Filter>
    </ClInclude>
    <ClInclude Include="..\include\VayoMaterialManager.h">
      <Filter>include</Filter>
    </ClInclude>
    <ClInclude Include="..\include\VayoMath.h">
      <Filter>include</Filter>
    </ClInclude>
    <ClInclude Include="..\include\VayoMatrix4x4.h">
      <Filter>include</Filter>
    </ClInclude>
    <ClInclude Include="..\include\VayoMesh.h">
      <Filter>include</Filter>
    </ClInclude>
    <ClInclude Include="..\include\VayoMeshManager.h">
      <Filter>include</Filter>
    </ClInclude>
    <ClInclude Include="..\include\VayoMovableObject.h">
      <Filter>include</Filter>
    </ClInclude>
    <ClInclude Include="..\include\VayoNode.h">
      <Filter>include</Filter>
    </ClInclude>
    <ClInclude Include="..\include\VayoPlane3d.h">
      <Filter>include</Filter>
    </ClInclude>
    <ClInclude Include="..\include\VayoPlugin.h">
      <Filter>include</Filter>
    </ClInclude>
    <ClInclude Include="..\include\VayoQuaternion.h">
      <Filter>include</Filter>
    </ClInclude>
    <ClInclude Include="..\include\VayoRectangle.h">
      <Filter>include</Filter>
    </ClInclude>
    <ClInclude Include="..\include\VayoRenderable.h">
      <Filter>include</Filter>
    </ClInclude>
    <ClInclude Include="..\include\VayoRenderSystem.h">
      <Filter>include</Filter>
    </ClInclude>
    <ClInclude Include="..\include\VayoRoot.h">
      <Filter>include</Filter>
    </ClInclude>
    <ClInclude Include="..\include\VayoSceneManager.h">
      <Filter>include</Filter>
    </ClInclude>
    <ClInclude Include="..\include\VayoSceneNode.h">
      <Filter>include</Filter>
    </ClInclude>
    <ClInclude Include="..\include\VayoSharedPtr.h">
      <Filter>include</Filter>
    </ClInclude>
    <ClInclude Include="..\include\VayoSingleton.h">
      <Filter>include</Filter>
    </ClInclude>
    <ClInclude Include="..\include\VayoSocket.h">
      <Filter>include</Filter>
    </ClInclude>
    <ClInclude Include="..\include\VayoSpriteBox.h">
      <Filter>include</Filter>
    </ClInclude>
    <ClInclude Include="..\include\VayoSupport.h">
      <Filter>include</Filter>
    </ClInclude>
    <ClInclude Include="..\include\VayoTable.h">
      <Filter>include</Filter>
    </ClInclude>
    <ClInclude Include="..\include\VayoTessGridBuilder.h">
      <Filter>include</Filter>
    </ClInclude>
    <ClInclude Include="..\include\VayoTexture.h">
      <Filter>include</Filter>
    </ClInclude>
    <ClInclude Include="..\include\VayoTextureManager.h">
      <Filter>include</Filter>
    </ClInclude>
    <ClInclude Include="..\include\VayoTiledMap.h">
      <Filter>include</Filter>
    </ClInclude>
    <ClInclude Include="..\include\VayoTimer.h">
      <Filter>include</Filter>
    </ClInclude>
    <ClInclude Include="..\include\VayoTriangle3d.h">
      <Filter>include</Filter>
    </ClInclude>
    <ClInclude Include="..\include\VayoUtils.h">
      <Filter>include</Filter>
    </ClInclude>
    <ClInclude Include="..\include\VayoVector2d.h">
      <Filter>include</Filter>
    </ClInclude>
    <ClInclude Include="..\include\VayoVector3d.h">
      <Filter>include</Filter>
    </ClInclude>
    <ClInclude Include="..\include\VayoVertex.h">
      <Filter>include</Filter>
    </ClInclude>
    <ClInclude Include="..\include\VayoTesselator.h">
      <Filter>include</Filter>
    </ClInclude>
    <ClInclude Include="..\include\VayoDisplayList.h">
      <Filter>include</Filter>
    </ClInclude>
    <ClInclude Include="..\include\VayoMaterialRenderer.h">
      <Filter>include</Filter>
    </ClInclude>
    <ClInclude Include="..\source\VayoFontManager.h">
      <Filter>source\headers</Filter>
    </ClInclude>
    <ClInclude Include="..\source\VayoUIFactory.h">
      <Filter>source\headers</Filter>
    </ClInclude>
    <ClInclude Include="..\source\VayoWireBoundingBox.h">
      <Filter>source\headers</Filter>
    </ClInclude>
    <ClInclude Include="..\source\VayoWin32Device.h">
      <Filter>source\headers</Filter>
    </ClInclude>
    <ClInclude Include="..\thirdparty\stb_image\stb_image.h">
      <Filter>thirdparty\stb_image</Filter>
    </ClInclude>
    <ClInclude Include="..\thirdparty\stb_image\stb_image_write.h">
      <Filter>thirdparty\stb_image</Filter>
    </ClInclude>
    <ClInclude Include="..\include\VayoMaterialLayer.h">
      <Filter>include</Filter>
    </ClInclude>
    <ClInclude Include="..\include\VayoAny.h">
      <Filter>include</Filter>
    </ClInclude>
    <ClInclude Include="..\include\VayoUserDataBind.h">
      <Filter>include</Filter>
    </ClInclude>
    <ClInclude Include="..\include\VayoBaseGUI.h">
      <Filter>include</Filter>
    </ClInclude>
    <ClInclude Include="..\include\VayoCoreGUI.h">
      <Filter>include</Filter>
    </ClInclude>
    <ClInclude Include="..\include\VayoDatabaseCSV.h">
      <Filter>include</Filter>
    </ClInclude>
    <ClInclude Include="..\include\VayoSigslot.h">
      <Filter>include</Filter>
    </ClInclude>
    <ClInclude Include="..\include\VayoLine2d.h">
      <Filter>include</Filter>
    </ClInclude>
    <ClInclude Include="..\include\VayoRenderQueue.h">
      <Filter>include</Filter>
    </ClInclude>
    <ClInclude Include="..\include\VayoTessGridHandler.h">
      <Filter>include</Filter>
    </ClInclude>
    <ClInclude Include="..\include\VayoScriptSystem.h">
      <Filter>include</Filter>
    </ClInclude>
    <ClInclude Include="..\include\VayoNodeAnimator.h">
      <Filter>include</Filter>
    </ClInclude>
    <ClInclude Include="..\include\VayoCollision.h">
      <Filter>include</Filter>
    </ClInclude>
  </ItemGroup>
</Project>